// !$*UTF8*$!
{
	archiveVersion = 1;
	classes = {
	};
	objectVersion = 77;
	objects = {

/* Begin PBXBuildFile section */
		043DF0EEE7D9F8A442869F87 /* ProgressBar.swift in Sources */ = {isa = PBXBuildFile; fileRef = 9BFF885EECBBFF36393A0207 /* ProgressBar.swift */; };
		063129C2C1514E30206994BB /* NotificationsSetupView.swift in Sources */ = {isa = PBXBuildFile; fileRef = 693E65753117638048641719 /* NotificationsSetupView.swift */; };
		0B2E43552FC57CF500F40D8E /* SubscriptionManager.swift in Sources */ = {isa = PBXBuildFile; fileRef = 0B2E43542FC57CF500F40D8E /* SubscriptionManager.swift */; };
		0B2E43582FC5FA8400F40D8E /* KeychainHelper.swift in Sources */ = {isa = PBXBuildFile; fileRef = 0B2E43572FC5FA8400F40D8E /* KeychainHelper.swift */; };
		0B2E435A2FC5FAA600F40D8E /* CloudKitSyncManager.swift in Sources */ = {isa = PBXBuildFile; fileRef = 0B2E43592FC5FAA600F40D8E /* CloudKitSyncManager.swift */; };
		0B2E435C2FC5FAB800F40D8E /* AuthService.swift in Sources */ = {isa = PBXBuildFile; fileRef = 0B2E435B2FC5FAB800F40D8E /* AuthService.swift */; };
		0B2E43602FC656AD00F40D8E /* TranslationStore.swift in Sources */ = {isa = PBXBuildFile; fileRef = 0B2E435F2FC656AD00F40D8E /* TranslationStore.swift */; };
		0B2E43632FC6F2D800F40D8E /* InsufficientWordsView.swift in Sources */ = {isa = PBXBuildFile; fileRef = 0B2E43622FC6F2D800F40D8E /* InsufficientWordsView.swift */; };
		0B2E436B2FC71F2100F40D8E /* FSRS.swift in Sources */ = {isa = PBXBuildFile; fileRef = 0B2E436A2FC71F2100F40D8E /* FSRS.swift */; };
		0B2E436D2FC71F2200F40D8E /* GameCenterService.swift in Sources */ = {isa = PBXBuildFile; fileRef = 0B2E436C2FC71F2200F40D8E /* GameCenterService.swift */; };
		0B2E436F2FC71F2300F40D8E /* ConfettiView.swift in Sources */ = {isa = PBXBuildFile; fileRef = 0B2E436E2FC71F2300F40D8E /* ConfettiView.swift */; };
		0B2E43712FC71F2400F40D8E /* CommitmentView.swift in Sources */ = {isa = PBXBuildFile; fileRef = 0B2E43702FC71F2400F40D8E /* CommitmentView.swift */; };
		0B2E43732FC71F2500F40D8E /* ChallengeView.swift in Sources */ = {isa = PBXBuildFile; fileRef = 0B2E43722FC71F2500F40D8E /* ChallengeView.swift */; };
		0B2E43772FC777FE00F40D8E /* WordAccess.swift in Sources */ = {isa = PBXBuildFile; fileRef = 0B2E43762FC777FE00F40D8E /* WordAccess.swift */; };
		0B2E43792FC777FF00F40D8E /* SharedWordStore.swift in Sources */ = {isa = PBXBuildFile; fileRef = 0B2E43782FC777FF00F40D8E /* SharedWordStore.swift */; };
		0B2E437B2FC7780000F40D8E /* SharedTimelinePublisher.swift in Sources */ = {isa = PBXBuildFile; fileRef = 0B2E437A2FC7780000F40D8E /* SharedTimelinePublisher.swift */; };
		0B2E437F2FC7782800F40D8E /* ShareableWordCard.swift in Sources */ = {isa = PBXBuildFile; fileRef = 0B2E437E2FC7782800F40D8E /* ShareableWordCard.swift */; };
		0B2E43812FC7782900F40D8E /* WordShareSheet.swift in Sources */ = {isa = PBXBuildFile; fileRef = 0B2E43802FC7782900F40D8E /* WordShareSheet.swift */; };
		0B2E43832FC7786E00F40D8E /* VerbumWidgetBundle.swift in Sources */ = {isa = PBXBuildFile; fileRef = 0B2E43822FC7786E00F40D8E /* VerbumWidgetBundle.swift */; };
		0B2E43852FC7786F00F40D8E /* SharedWordStore.swift in Sources */ = {isa = PBXBuildFile; fileRef = 0B2E43842FC7786E00F40D8E /* SharedWordStore.swift */; };
		0B2E43872FC7787000F40D8E /* WordOfDayWidget.swift in Sources */ = {isa = PBXBuildFile; fileRef = 0B2E43862FC7787000F40D8E /* WordOfDayWidget.swift */; };
		0B2E43892FC7787100F40D8E /* WordOfDayProvider.swift in Sources */ = {isa = PBXBuildFile; fileRef = 0B2E43882FC7787100F40D8E /* WordOfDayProvider.swift */; };
		0B2E438B2FC7787200F40D8E /* WordOfDayEntryView.swift in Sources */ = {isa = PBXBuildFile; fileRef = 0B2E438A2FC7787200F40D8E /* WordOfDayEntryView.swift */; };
		0B2E438F2FC874EC00F40D8E /* DecksView.swift in Sources */ = {isa = PBXBuildFile; fileRef = 0B2E438E2FC874EC00F40D8E /* DecksView.swift */; };
		17BB0029E62D11E528FEA803 /* SettingsView.swift in Sources */ = {isa = PBXBuildFile; fileRef = D1B2F39F12BBD577ADC37AC9 /* SettingsView.swift */; };
		1FE61FA22EFD4D1788EEF7AC /* SearchView.swift in Sources */ = {isa = PBXBuildFile; fileRef = 93CAD5DD7AA24902904C05A6 /* SearchView.swift */; };
		217902B9D01EBDC2ED0FAC11 /* WordDatabase.swift in Sources */ = {isa = PBXBuildFile; fileRef = FD61BA2BD6F7F8B9F65F7809 /* WordDatabase.swift */; };
		2C4AAF9E271CC6901F98EC57 /* ProfileSetupViews.swift in Sources */ = {isa = PBXBuildFile; fileRef = 1BE3D27E0CD5A912513A4B2D /* ProfileSetupViews.swift */; };
		2D340578381485FD8894507E /* VerbumApp.swift in Sources */ = {isa = PBXBuildFile; fileRef = C8BE0AC736303A807180D482 /* VerbumApp.swift */; };
		2FBE902D8E472DD311783D17 /* words.json in Resources */ = {isa = PBXBuildFile; fileRef = 7065EA90832D7B55B091ECF2 /* words.json */; };
		335DB077660578203921C7B0 /* StatsView.swift in Sources */ = {isa = PBXBuildFile; fileRef = B9B96A9B8319C8AE14CFB5C7 /* StatsView.swift */; };
		3638E2784BCD24A1EC73A154 /* translations.json in Resources */ = {isa = PBXBuildFile; fileRef = 551CA09F41CBB9A77AA52313 /* translations.json */; };
		369E231F75B7C8CA0D4DF87F /* Word.swift in Sources */ = {isa = PBXBuildFile; fileRef = FCF54206A121475D1DB43775 /* Word.swift */; };
		372D640A51EA5E6723077E69 /* RadioOptionRow.swift in Sources */ = {isa = PBXBuildFile; fileRef = 6ADB3CA22DE2D334C62EE81F /* RadioOptionRow.swift */; };
		3B36F4C2BFF0624DD1C89DF7 /* GRDB in Frameworks */ = {isa = PBXBuildFile; productRef = 08855E15BC1D1540CB22C18F /* GRDB */; };
		41032E0D877D4385FFB1E1EE /* WordDetailViewModel.swift in Sources */ = {isa = PBXBuildFile; fileRef = 405F392D2DD54DAC3CADF013 /* WordDetailViewModel.swift */; };
		415BBCB7DFABF2CC1FAC62B3 /* Typography.swift in Sources */ = {isa = PBXBuildFile; fileRef = FF790BB6AB4C75379219B4AC /* Typography.swift */; };
		4DEB60027F2328402FD8D116 /* Assets.xcassets in Resources */ = {isa = PBXBuildFile; fileRef = E5189B465BCE9B4F0634218B /* Assets.xcassets */; };
		4FC414CC91A918A25DF49891 /* CategoriesView.swift in Sources */ = {isa = PBXBuildFile; fileRef = D998E15B1BDA53EAD060209F /* CategoriesView.swift */; };
		506F22E3AD9EDD8BF8C0D97B /* Badge.swift in Sources */ = {isa = PBXBuildFile; fileRef = EACC7F5F28B7CA69B1A0BDFD /* Badge.swift */; };
		514DF89DA836245BF4E3F79C /* LevelTestViewModel.swift in Sources */ = {isa = PBXBuildFile; fileRef = B0AB903A5468A0F05B222D8F /* LevelTestViewModel.swift */; };
		5B35626FDD7263A94F82072C /* HistoryView.swift in Sources */ = {isa = PBXBuildFile; fileRef = FEE77BC5E1F3C579B4403031 /* HistoryView.swift */; };
		6152418B92E9EEDF172F600A /* Colors.swift in Sources */ = {isa = PBXBuildFile; fileRef = 668CE3026DC6F136C89050F6 /* Colors.swift */; };
		6262D1F17263EA0113DB6D33 /* NotificationManager.swift in Sources */ = {isa = PBXBuildFile; fileRef = CC3FA109C5CBF3483AE956A1 /* NotificationManager.swift */; };
		6C687920C5C06F2C0EB8E01C /* WordListView.swift in Sources */ = {isa = PBXBuildFile; fileRef = E77E8835D95DB845DF4A1B83 /* WordListView.swift */; };
		734197DCA2FB4EDABD417057 /* Logger+Verbum.swift in Sources */ = {isa = PBXBuildFile; fileRef = 7B718F44D6A34E45B4024B05 /* Logger+Verbum.swift */; };
		7D78B2E6B4464A9FEBD34AE1 /* CategoryWordListView.swift in Sources */ = {isa = PBXBuildFile; fileRef = 87DE072F4CCDB4928A7EA0CB /* CategoryWordListView.swift */; };
		83E469F0405852685C17601A /* WelcomeView.swift in Sources */ = {isa = PBXBuildFile; fileRef = EFCA694741309C6D900CD665 /* WelcomeView.swift */; };
		869F5F5C647E47083B5A3C54 /* AppCoordinator.swift in Sources */ = {isa = PBXBuildFile; fileRef = 05F3824B4FCFF9A94E3B6FF3 /* AppCoordinator.swift */; };
		879172BE91D0F16A4AA5B44B /* WordFeedView.swift in Sources */ = {isa = PBXBuildFile; fileRef = C28C193C7BC73D85820163A1 /* WordFeedView.swift */; };
		8A6B0B71ACEEF8FD5D937D3E /* OnboardingFlow.swift in Sources */ = {isa = PBXBuildFile; fileRef = 837A7A327A614F779F75B887 /* OnboardingFlow.swift */; };
		952A8DD995A6688243461622 /* SynonymsView.swift in Sources */ = {isa = PBXBuildFile; fileRef = 22CF08B79256CCCF0F41560C /* SynonymsView.swift */; };
		963AE7507F748C374F47FB23 /* BatchQuizView.swift in Sources */ = {isa = PBXBuildFile; fileRef = B30774A2D9419603F01BD410 /* BatchQuizView.swift */; };
		999398853EDED46DF2113702 /* LevelTestView.swift in Sources */ = {isa = PBXBuildFile; fileRef = B2D8A0187A66B0FDD2F98DF7 /* LevelTestView.swift */; };
		9B7B30E93778BDA7A8B477D2 /* DatabaseStatusBanner.swift in Sources */ = {isa = PBXBuildFile; fileRef = AB2B1865D6486015904758FA /* DatabaseStatusBanner.swift */; };
		9BD0833A61044BAE86647FA4 /* SpotlightIndexer.swift in Sources */ = {isa = PBXBuildFile; fileRef = 49BC19F40A804F0CBC64AE12 /* SpotlightIndexer.swift */; };
		9C07D77964AD69422176D390 /* LikedView.swift in Sources */ = {isa = PBXBuildFile; fileRef = C7CD9166BA32297E2C16426C /* LikedView.swift */; };
		9D07982C7D204C31834772A1 /* SpeechService.swift in Sources */ = {isa = PBXBuildFile; fileRef = 1E9E51EB0A0048F19D48BCC5 /* SpeechService.swift */; };
		A0EC5B76925C1059F67B89E0 /* VerbumWidgetExtension.appex in Embed Foundation Extensions */ = {isa = PBXBuildFile; fileRef = 3E852055DFAE15E4F9712719 /* VerbumWidgetExtension.appex */; settings = {ATTRIBUTES = (RemoveHeadersOnCopy, ); }; };
		A1B2C3D4E5F600000000DB01 /* words_v2.db in Resources */ = {isa = PBXBuildFile; fileRef = A1B2C3D4E5F600000000DB02 /* words_v2.db */; };
		A2D6502521FF557E366F1EEE /* SoundManager.swift in Sources */ = {isa = PBXBuildFile; fileRef = 1B6DEE253BAE83C18158646A /* SoundManager.swift */; };
		A8F6F4E86EDFD68962B9D751 /* ProfileView.swift in Sources */ = {isa = PBXBuildFile; fileRef = B0A60EE41CA03C91B64D6107 /* ProfileView.swift */; };
		B34C314DAD58876A5171C3C3 /* FavoritesView.swift in Sources */ = {isa = PBXBuildFile; fileRef = 38066EA4774B8AB41DA9D6CF /* FavoritesView.swift */; };
		B4F2A4302D6A0D6DFA5FD090 /* VerbumWidget.swift in Sources */ = {isa = PBXBuildFile; fileRef = 3B124CA958B5492B2AA44C00 /* VerbumWidget.swift */; };
		B8B564ACAD6501DAADD414FC /* WordStore.swift in Sources */ = {isa = PBXBuildFile; fileRef = E2748444E7D3D6A626DCCD28 /* WordStore.swift */; };
		BA17D3B8C8F4328C549244F6 /* PracticeMenuView.swift in Sources */ = {isa = PBXBuildFile; fileRef = 357806ACCB3D66F2867A3E80 /* PracticeMenuView.swift */; };
		C0D846C0FB617A42B06CB2DD /* PillButton.swift in Sources */ = {isa = PBXBuildFile; fileRef = 7E579B213FF7BFC07CA00913 /* PillButton.swift */; };
		C1ABEA8BB748FBA001BFB65B /* NotificationSettingsView.swift in Sources */ = {isa = PBXBuildFile; fileRef = 626B6BE3FF009B4C26107D5A /* NotificationSettingsView.swift */; };
		C2D154D2972BE298747DAEB7 /* UserProfile.swift in Sources */ = {isa = PBXBuildFile; fileRef = 6BF39C6A2496F507062F7F84 /* UserProfile.swift */; };
		C76EBA2112E804C4EDD78D04 /* LeaderboardView.swift in Sources */ = {isa = PBXBuildFile; fileRef = 7A07099C0B9D49EADC6F4E46 /* LeaderboardView.swift */; };
		D35923D0663FCF28916789B7 /* Spacing.swift in Sources */ = {isa = PBXBuildFile; fileRef = 407BFE1DC6BC631FE00C1392 /* Spacing.swift */; };
		DA4428337D5EA213220B76EA /* DatabaseDownloadManager.swift in Sources */ = {isa = PBXBuildFile; fileRef = B076C6BB7303D36882CE3CD5 /* DatabaseDownloadManager.swift */; };
		DBAE558F86BDFD6B66CF22F7 /* GuessWordView.swift in Sources */ = {isa = PBXBuildFile; fileRef = 6DFFC1788A87089728F16A36 /* GuessWordView.swift */; };
		DBF873E677CDEFF6370C676E /* QuizViewModel.swift in Sources */ = {isa = PBXBuildFile; fileRef = A00F070C603FE504217EDA4A /* QuizViewModel.swift */; };
		DD9EE0D1A601D7F6A5EBC12A /* QuizView.swift in Sources */ = {isa = PBXBuildFile; fileRef = 2968154FE6B16D65BCB011D1 /* QuizView.swift */; };
		DFAF38158805A595D167D0D7 /* PremiumSheet.swift in Sources */ = {isa = PBXBuildFile; fileRef = B40971FC207D1701A44859D9 /* PremiumSheet.swift */; };
		E634F2266613A3AD00BC31D0 /* WordDetailView.swift in Sources */ = {isa = PBXBuildFile; fileRef = 4940C88040FD8E5FC518EE9F /* WordDetailView.swift */; };
		E856670F40494A3CA48A3111 /* AppInfo.swift in Sources */ = {isa = PBXBuildFile; fileRef = 33C4A5AA02FE442C8CFC4D8E /* AppInfo.swift */; };
		EABF0BC49A27AE92CB054590 /* WordRepository.swift in Sources */ = {isa = PBXBuildFile; fileRef = BA8E9091A467ADE090DC3610 /* WordRepository.swift */; };
		EE685211A5C75DBB3B17ADFE /* HapticManager.swift in Sources */ = {isa = PBXBuildFile; fileRef = 0506F780D4C3F3F5705BCD8C /* HapticManager.swift */; };
		F6CCA03B30F7FC4520024616 /* WordFeedViewModel.swift in Sources */ = {isa = PBXBuildFile; fileRef = 87620CA6EA78E01907CAC03C /* WordFeedViewModel.swift */; };
		FF4EC6622D81417E083B2D59 /* words.json in Resources */ = {isa = PBXBuildFile; fileRef = 7065EA90832D7B55B091ECF2 /* words.json */; };
		FF8413B877176170454BA142 /* FillGapView.swift in Sources */ = {isa = PBXBuildFile; fileRef = F9771B8BC82C082859F3C175 /* FillGapView.swift */; };
/* End PBXBuildFile section */

/* Begin PBXContainerItemProxy section */
		8CE3C8B0A5C334908F72476F /* PBXContainerItemProxy */ = {
			isa = PBXContainerItemProxy;
			containerPortal = 40DBA824FA9D1DF3B3B10DA7 /* Project object */;
			proxyType = 1;
			remoteGlobalIDString = D2002E6BF18631A010AE57A0;
			remoteInfo = VerbumWidgetExtension;
		};
/* End PBXContainerItemProxy section */

/* Begin PBXCopyFilesBuildPhase section */
		2709A3B218086B1768A9C988 /* Embed Foundation Extensions */ = {
			isa = PBXCopyFilesBuildPhase;
			buildActionMask = 2147483647;
			dstPath = "";
			dstSubfolderSpec = 13;
			files = (
				A0EC5B76925C1059F67B89E0 /* VerbumWidgetExtension.appex in Embed Foundation Extensions */,
			);
			name = "Embed Foundation Extensions";
			runOnlyForDeploymentPostprocessing = 0;
		};
/* End PBXCopyFilesBuildPhase section */

/* Begin PBXFileReference section */
		0506F780D4C3F3F5705BCD8C /* HapticManager.swift */ = {isa = PBXFileReference; lastKnownFileType = sourcecode.swift; path = HapticManager.swift; sourceTree = "<group>"; };
		05F3824B4FCFF9A94E3B6FF3 /* AppCoordinator.swift */ = {isa = PBXFileReference; lastKnownFileType = sourcecode.swift; path = AppCoordinator.swift; sourceTree = "<group>"; };
		0B2E43542FC57CF500F40D8E /* SubscriptionManager.swift */ = {isa = PBXFileReference; lastKnownFileType = sourcecode.swift; path = SubscriptionManager.swift; sourceTree = "<group>"; };
		0B2E43562FC5F0F500F40D8E /* PrivacyInfo.xcprivacy */ = {isa = PBXFileReference; lastKnownFileType = text.xml; path = PrivacyInfo.xcprivacy; sourceTree = "<group>"; };
		0B2E43572FC5FA8400F40D8E /* KeychainHelper.swift */ = {isa = PBXFileReference; lastKnownFileType = sourcecode.swift; path = KeychainHelper.swift; sourceTree = "<group>"; };
		0B2E43592FC5FAA600F40D8E /* CloudKitSyncManager.swift */ = {isa = PBXFileReference; lastKnownFileType = sourcecode.swift; path = CloudKitSyncManager.swift; sourceTree = "<group>"; };
		0B2E435B2FC5FAB800F40D8E /* AuthService.swift */ = {isa = PBXFileReference; lastKnownFileType = sourcecode.swift; path = AuthService.swift; sourceTree = "<group>"; };
		0B2E435D2FC5FB3400F40D8E /* Verbum.entitlements */ = {isa = PBXFileReference; lastKnownFileType = text.plist.entitlements; path = Verbum.entitlements; sourceTree = "<group>"; };
		0B2E435E2FC5FBBD00F40D8E /* Verbum.entitlements */ = {isa = PBXFileReference; lastKnownFileType = text.plist.entitlements; path = Verbum.entitlements; sourceTree = "<group>"; };
		0B2E435F2FC656AD00F40D8E /* TranslationStore.swift */ = {isa = PBXFileReference; lastKnownFileType = sourcecode.swift; path = TranslationStore.swift; sourceTree = "<group>"; };
		0B2E43622FC6F2D800F40D8E /* InsufficientWordsView.swift */ = {isa = PBXFileReference; lastKnownFileType = sourcecode.swift; path = InsufficientWordsView.swift; sourceTree = "<group>"; };
		0B2E436A2FC71F2100F40D8E /* FSRS.swift */ = {isa = PBXFileReference; lastKnownFileType = sourcecode.swift; path = FSRS.swift; sourceTree = "<group>"; };
		0B2E436C2FC71F2200F40D8E /* GameCenterService.swift */ = {isa = PBXFileReference; lastKnownFileType = sourcecode.swift; path = GameCenterService.swift; sourceTree = "<group>"; };
		0B2E436E2FC71F2300F40D8E /* ConfettiView.swift */ = {isa = PBXFileReference; lastKnownFileType = sourcecode.swift; path = ConfettiView.swift; sourceTree = "<group>"; };
		0B2E43702FC71F2400F40D8E /* CommitmentView.swift */ = {isa = PBXFileReference; lastKnownFileType = sourcecode.swift; path = CommitmentView.swift; sourceTree = "<group>"; };
		0B2E43722FC71F2500F40D8E /* ChallengeView.swift */ = {isa = PBXFileReference; lastKnownFileType = sourcecode.swift; path = ChallengeView.swift; sourceTree = "<group>"; };
		0B2E43762FC777FE00F40D8E /* WordAccess.swift */ = {isa = PBXFileReference; lastKnownFileType = sourcecode.swift; path = WordAccess.swift; sourceTree = "<group>"; };
		0B2E43782FC777FF00F40D8E /* SharedWordStore.swift */ = {isa = PBXFileReference; lastKnownFileType = sourcecode.swift; path = SharedWordStore.swift; sourceTree = "<group>"; };
		0B2E437A2FC7780000F40D8E /* SharedTimelinePublisher.swift */ = {isa = PBXFileReference; lastKnownFileType = sourcecode.swift; path = SharedTimelinePublisher.swift; sourceTree = "<group>"; };
		0B2E437E2FC7782800F40D8E /* ShareableWordCard.swift */ = {isa = PBXFileReference; lastKnownFileType = sourcecode.swift; path = ShareableWordCard.swift; sourceTree = "<group>"; };
		0B2E43802FC7782900F40D8E /* WordShareSheet.swift */ = {isa = PBXFileReference; lastKnownFileType = sourcecode.swift; path = WordShareSheet.swift; sourceTree = "<group>"; };
		0B2E43822FC7786E00F40D8E /* VerbumWidgetBundle.swift */ = {isa = PBXFileReference; lastKnownFileType = sourcecode.swift; path = VerbumWidgetBundle.swift; sourceTree = "<group>"; };
		0B2E43842FC7786E00F40D8E /* SharedWordStore.swift */ = {isa = PBXFileReference; lastKnownFileType = sourcecode.swift; path = SharedWordStore.swift; sourceTree = "<group>"; };
		0B2E43862FC7787000F40D8E /* WordOfDayWidget.swift */ = {isa = PBXFileReference; lastKnownFileType = sourcecode.swift; path = WordOfDayWidget.swift; sourceTree = "<group>"; };
		0B2E43882FC7787100F40D8E /* WordOfDayProvider.swift */ = {isa = PBXFileReference; lastKnownFileType = sourcecode.swift; path = WordOfDayProvider.swift; sourceTree = "<group>"; };
		0B2E438A2FC7787200F40D8E /* WordOfDayEntryView.swift */ = {isa = PBXFileReference; lastKnownFileType = sourcecode.swift; path = WordOfDayEntryView.swift; sourceTree = "<group>"; };
		0B2E438E2FC874EC00F40D8E /* DecksView.swift */ = {isa = PBXFileReference; lastKnownFileType = sourcecode.swift; path = DecksView.swift; sourceTree = "<group>"; };
		0D8B7721046486BB75B8E066 /* Info.plist */ = {isa = PBXFileReference; lastKnownFileType = text.plist; path = Info.plist; sourceTree = "<group>"; };
		1B6DEE253BAE83C18158646A /* SoundManager.swift */ = {isa = PBXFileReference; lastKnownFileType = sourcecode.swift; path = SoundManager.swift; sourceTree = "<group>"; };
		1BE3D27E0CD5A912513A4B2D /* ProfileSetupViews.swift */ = {isa = PBXFileReference; lastKnownFileType = sourcecode.swift; path = ProfileSetupViews.swift; sourceTree = "<group>"; };
		1E9E51EB0A0048F19D48BCC5 /* SpeechService.swift */ = {isa = PBXFileReference; lastKnownFileType = sourcecode.swift; path = SpeechService.swift; sourceTree = "<group>"; };
		22CF08B79256CCCF0F41560C /* SynonymsView.swift */ = {isa = PBXFileReference; lastKnownFileType = sourcecode.swift; path = SynonymsView.swift; sourceTree = "<group>"; };
		2968154FE6B16D65BCB011D1 /* QuizView.swift */ = {isa = PBXFileReference; lastKnownFileType = sourcecode.swift; path = QuizView.swift; sourceTree = "<group>"; };
		33C4A5AA02FE442C8CFC4D8E /* AppInfo.swift */ = {isa = PBXFileReference; lastKnownFileType = sourcecode.swift; path = AppInfo.swift; sourceTree = "<group>"; };
		357806ACCB3D66F2867A3E80 /* PracticeMenuView.swift */ = {isa = PBXFileReference; lastKnownFileType = sourcecode.swift; path = PracticeMenuView.swift; sourceTree = "<group>"; };
		38066EA4774B8AB41DA9D6CF /* FavoritesView.swift */ = {isa = PBXFileReference; lastKnownFileType = sourcecode.swift; path = FavoritesView.swift; sourceTree = "<group>"; };
		3B124CA958B5492B2AA44C00 /* VerbumWidget.swift */ = {isa = PBXFileReference; lastKnownFileType = sourcecode.swift; path = VerbumWidget.swift; sourceTree = "<group>"; };
		3E852055DFAE15E4F9712719 /* VerbumWidgetExtension.appex */ = {isa = PBXFileReference; explicitFileType = "wrapper.app-extension"; includeInIndex = 0; path = VerbumWidgetExtension.appex; sourceTree = BUILT_PRODUCTS_DIR; };
		405F392D2DD54DAC3CADF013 /* WordDetailViewModel.swift */ = {isa = PBXFileReference; lastKnownFileType = sourcecode.swift; path = WordDetailViewModel.swift; sourceTree = "<group>"; };
		407BFE1DC6BC631FE00C1392 /* Spacing.swift */ = {isa = PBXFileReference; lastKnownFileType = sourcecode.swift; path = Spacing.swift; sourceTree = "<group>"; };
		4940C88040FD8E5FC518EE9F /* WordDetailView.swift */ = {isa = PBXFileReference; lastKnownFileType = sourcecode.swift; path = WordDetailView.swift; sourceTree = "<group>"; };
		49BC19F40A804F0CBC64AE12 /* SpotlightIndexer.swift */ = {isa = PBXFileReference; lastKnownFileType = sourcecode.swift; path = SpotlightIndexer.swift; sourceTree = "<group>"; };
		551CA09F41CBB9A77AA52313 /* translations.json */ = {isa = PBXFileReference; lastKnownFileType = text.json; path = translations.json; sourceTree = "<group>"; };
		626B6BE3FF009B4C26107D5A /* NotificationSettingsView.swift */ = {isa = PBXFileReference; lastKnownFileType = sourcecode.swift; path = NotificationSettingsView.swift; sourceTree = "<group>"; };
		668CE3026DC6F136C89050F6 /* Colors.swift */ = {isa = PBXFileReference; lastKnownFileType = sourcecode.swift; path = Colors.swift; sourceTree = "<group>"; };
		693E65753117638048641719 /* NotificationsSetupView.swift */ = {isa = PBXFileReference; lastKnownFileType = sourcecode.swift; path = NotificationsSetupView.swift; sourceTree = "<group>"; };
		6ADB3CA22DE2D334C62EE81F /* RadioOptionRow.swift */ = {isa = PBXFileReference; lastKnownFileType = sourcecode.swift; path = RadioOptionRow.swift; sourceTree = "<group>"; };
		6BF39C6A2496F507062F7F84 /* UserProfile.swift */ = {isa = PBXFileReference; lastKnownFileType = sourcecode.swift; path = UserProfile.swift; sourceTree = "<group>"; };
		6DFFC1788A87089728F16A36 /* GuessWordView.swift */ = {isa = PBXFileReference; lastKnownFileType = sourcecode.swift; path = GuessWordView.swift; sourceTree = "<group>"; };
		7065EA90832D7B55B091ECF2 /* words.json */ = {isa = PBXFileReference; lastKnownFileType = text.json; path = words.json; sourceTree = "<group>"; };
		7A07099C0B9D49EADC6F4E46 /* LeaderboardView.swift */ = {isa = PBXFileReference; lastKnownFileType = sourcecode.swift; path = LeaderboardView.swift; sourceTree = "<group>"; };
		7B718F44D6A34E45B4024B05 /* Logger+Verbum.swift */ = {isa = PBXFileReference; lastKnownFileType = sourcecode.swift; path = "Logger+Verbum.swift"; sourceTree = "<group>"; };
		7E579B213FF7BFC07CA00913 /* PillButton.swift */ = {isa = PBXFileReference; lastKnownFileType = sourcecode.swift; path = PillButton.swift; sourceTree = "<group>"; };
		837A7A327A614F779F75B887 /* OnboardingFlow.swift */ = {isa = PBXFileReference; lastKnownFileType = sourcecode.swift; path = OnboardingFlow.swift; sourceTree = "<group>"; };
		87548990CA3B40003EB7EBCC /* Info.plist */ = {isa = PBXFileReference; lastKnownFileType = text.plist; path = Info.plist; sourceTree = "<group>"; };
		87620CA6EA78E01907CAC03C /* WordFeedViewModel.swift */ = {isa = PBXFileReference; lastKnownFileType = sourcecode.swift; path = WordFeedViewModel.swift; sourceTree = "<group>"; };
		87DE072F4CCDB4928A7EA0CB /* CategoryWordListView.swift */ = {isa = PBXFileReference; lastKnownFileType = sourcecode.swift; path = CategoryWordListView.swift; sourceTree = "<group>"; };
		93CAD5DD7AA24902904C05A6 /* SearchView.swift */ = {isa = PBXFileReference; lastKnownFileType = sourcecode.swift; path = SearchView.swift; sourceTree = "<group>"; };
		9BFF885EECBBFF36393A0207 /* ProgressBar.swift */ = {isa = PBXFileReference; lastKnownFileType = sourcecode.swift; path = ProgressBar.swift; sourceTree = "<group>"; };
		A00F070C603FE504217EDA4A /* QuizViewModel.swift */ = {isa = PBXFileReference; lastKnownFileType = sourcecode.swift; path = QuizViewModel.swift; sourceTree = "<group>"; };
		A1B2C3D4E5F600000000DB02 /* words_v2.db */ = {isa = PBXFileReference; lastKnownFileType = file; path = words_v2.db; sourceTree = "<group>"; };
		AB2B1865D6486015904758FA /* DatabaseStatusBanner.swift */ = {isa = PBXFileReference; lastKnownFileType = sourcecode.swift; path = DatabaseStatusBanner.swift; sourceTree = "<group>"; };
		B076C6BB7303D36882CE3CD5 /* DatabaseDownloadManager.swift */ = {isa = PBXFileReference; lastKnownFileType = sourcecode.swift; path = DatabaseDownloadManager.swift; sourceTree = "<group>"; };
		B0A60EE41CA03C91B64D6107 /* ProfileView.swift */ = {isa = PBXFileReference; lastKnownFileType = sourcecode.swift; path = ProfileView.swift; sourceTree = "<group>"; };
		B0AB903A5468A0F05B222D8F /* LevelTestViewModel.swift */ = {isa = PBXFileReference; lastKnownFileType = sourcecode.swift; path = LevelTestViewModel.swift; sourceTree = "<group>"; };
		B2D8A0187A66B0FDD2F98DF7 /* LevelTestView.swift */ = {isa = PBXFileReference; lastKnownFileType = sourcecode.swift; path = LevelTestView.swift; sourceTree = "<group>"; };
		B30774A2D9419603F01BD410 /* BatchQuizView.swift */ = {isa = PBXFileReference; lastKnownFileType = sourcecode.swift; path = BatchQuizView.swift; sourceTree = "<group>"; };
		B40971FC207D1701A44859D9 /* PremiumSheet.swift */ = {isa = PBXFileReference; lastKnownFileType = sourcecode.swift; path = PremiumSheet.swift; sourceTree = "<group>"; };
		B9B96A9B8319C8AE14CFB5C7 /* StatsView.swift */ = {isa = PBXFileReference; lastKnownFileType = sourcecode.swift; path = StatsView.swift; sourceTree = "<group>"; };
		BA8E9091A467ADE090DC3610 /* WordRepository.swift */ = {isa = PBXFileReference; lastKnownFileType = sourcecode.swift; path = WordRepository.swift; sourceTree = "<group>"; };
		C21B3590E4FD7FF17ACFAA57 /* Verbum.app */ = {isa = PBXFileReference; explicitFileType = wrapper.application; includeInIndex = 0; path = Verbum.app; sourceTree = BUILT_PRODUCTS_DIR; };
		C28C193C7BC73D85820163A1 /* WordFeedView.swift */ = {isa = PBXFileReference; lastKnownFileType = sourcecode.swift; path = WordFeedView.swift; sourceTree = "<group>"; };
		C7CD9166BA32297E2C16426C /* LikedView.swift */ = {isa = PBXFileReference; lastKnownFileType = sourcecode.swift; path = LikedView.swift; sourceTree = "<group>"; };
		C8BE0AC736303A807180D482 /* VerbumApp.swift */ = {isa = PBXFileReference; lastKnownFileType = sourcecode.swift; path = VerbumApp.swift; sourceTree = "<group>"; };
		CC3FA109C5CBF3483AE956A1 /* NotificationManager.swift */ = {isa = PBXFileReference; lastKnownFileType = sourcecode.swift; path = NotificationManager.swift; sourceTree = "<group>"; };
		D1B2F39F12BBD577ADC37AC9 /* SettingsView.swift */ = {isa = PBXFileReference; lastKnownFileType = sourcecode.swift; path = SettingsView.swift; sourceTree = "<group>"; };
		D998E15B1BDA53EAD060209F /* CategoriesView.swift */ = {isa = PBXFileReference; lastKnownFileType = sourcecode.swift; path = CategoriesView.swift; sourceTree = "<group>"; };
		E2748444E7D3D6A626DCCD28 /* WordStore.swift */ = {isa = PBXFileReference; lastKnownFileType = sourcecode.swift; path = WordStore.swift; sourceTree = "<group>"; };
		E5189B465BCE9B4F0634218B /* Assets.xcassets */ = {isa = PBXFileReference; lastKnownFileType = folder.assetcatalog; path = Assets.xcassets; sourceTree = "<group>"; };
		E77E8835D95DB845DF4A1B83 /* WordListView.swift */ = {isa = PBXFileReference; lastKnownFileType = sourcecode.swift; path = WordListView.swift; sourceTree = "<group>"; };
		EACC7F5F28B7CA69B1A0BDFD /* Badge.swift */ = {isa = PBXFileReference; lastKnownFileType = sourcecode.swift; path = Badge.swift; sourceTree = "<group>"; };
		EFCA694741309C6D900CD665 /* WelcomeView.swift */ = {isa = PBXFileReference; lastKnownFileType = sourcecode.swift; path = WelcomeView.swift; sourceTree = "<group>"; };
		F9771B8BC82C082859F3C175 /* FillGapView.swift */ = {isa = PBXFileReference; lastKnownFileType = sourcecode.swift; path = FillGapView.swift; sourceTree = "<group>"; };
		FCF54206A121475D1DB43775 /* Word.swift */ = {isa = PBXFileReference; lastKnownFileType = sourcecode.swift; path = Word.swift; sourceTree = "<group>"; };
		FD61BA2BD6F7F8B9F65F7809 /* WordDatabase.swift */ = {isa = PBXFileReference; lastKnownFileType = sourcecode.swift; path = WordDatabase.swift; sourceTree = "<group>"; };
		FEE77BC5E1F3C579B4403031 /* HistoryView.swift */ = {isa = PBXFileReference; lastKnownFileType = sourcecode.swift; path = HistoryView.swift; sourceTree = "<group>"; };
		FF790BB6AB4C75379219B4AC /* Typography.swift */ = {isa = PBXFileReference; lastKnownFileType = sourcecode.swift; path = Typography.swift; sourceTree = "<group>"; };
/* End PBXFileReference section */

/* Begin PBXFrameworksBuildPhase section */
		FADFBD71523E891878687FA6 /* Frameworks */ = {
			isa = PBXFrameworksBuildPhase;
			buildActionMask = 2147483647;
			files = (
				3B36F4C2BFF0624DD1C89DF7 /* GRDB in Frameworks */,
			);
			runOnlyForDeploymentPostprocessing = 0;
		};
/* End PBXFrameworksBuildPhase section */

/* Begin PBXGroup section */
		2051B1995995727EA60FADC7 /* WordDetail */ = {
			isa = PBXGroup;
			children = (
				4940C88040FD8E5FC518EE9F /* WordDetailView.swift */,
				405F392D2DD54DAC3CADF013 /* WordDetailViewModel.swift */,
			);
			path = WordDetail;
			sourceTree = "<group>";
		};
		2C23C9E482462D5AC7C9DE39 /* Products */ = {
			isa = PBXGroup;
			children = (
				C21B3590E4FD7FF17ACFAA57 /* Verbum.app */,
				3E852055DFAE15E4F9712719 /* VerbumWidgetExtension.appex */,
			);
			name = Products;
			sourceTree = "<group>";
		};
		3683F68C7753E78046E0E520 /* Leaderboard */ = {
			isa = PBXGroup;
			children = (
				7A07099C0B9D49EADC6F4E46 /* LeaderboardView.swift */,
			);
			path = Leaderboard;
			sourceTree = "<group>";
		};
		39050C59D919444766CBEEB7 /* Stats */ = {
			isa = PBXGroup;
			children = (
				B9B96A9B8319C8AE14CFB5C7 /* StatsView.swift */,
			);
			path = Stats;
			sourceTree = "<group>";
		};
		47D73899F0875BEF171CC980 /* Onboarding */ = {
			isa = PBXGroup;
			children = (
				693E65753117638048641719 /* NotificationsSetupView.swift */,
				837A7A327A614F779F75B887 /* OnboardingFlow.swift */,
				1BE3D27E0CD5A912513A4B2D /* ProfileSetupViews.swift */,
				EFCA694741309C6D900CD665 /* WelcomeView.swift */,
				0B2E43702FC71F2400F40D8E /* CommitmentView.swift */,
			);
			path = Onboarding;
			sourceTree = "<group>";
		};
		4D1145FF47374DCB64B6B337 /* Models */ = {
			isa = PBXGroup;
			children = (
				EACC7F5F28B7CA69B1A0BDFD /* Badge.swift */,
				6BF39C6A2496F507062F7F84 /* UserProfile.swift */,
				FCF54206A121475D1DB43775 /* Word.swift */,
			);
			path = Models;
			sourceTree = "<group>";
		};
		5CED0C16C7232577A5E34EA3 /* Components */ = {
			isa = PBXGroup;
			children = (
				AB2B1865D6486015904758FA /* DatabaseStatusBanner.swift */,
				0506F780D4C3F3F5705BCD8C /* HapticManager.swift */,
				CC3FA109C5CBF3483AE956A1 /* NotificationManager.swift */,
				7E579B213FF7BFC07CA00913 /* PillButton.swift */,
				9BFF885EECBBFF36393A0207 /* ProgressBar.swift */,
				6ADB3CA22DE2D334C62EE81F /* RadioOptionRow.swift */,
				1B6DEE253BAE83C18158646A /* SoundManager.swift */,
				1E9E51EB0A0048F19D48BCC5 /* SpeechService.swift */,
				7B718F44D6A34E45B4024B05 /* Logger+Verbum.swift */,
				0B2E436E2FC71F2300F40D8E /* ConfettiView.swift */,
			);
			path = Components;
			sourceTree = "<group>";
		};
		66AE1E098D2522C453804C9D /* WordFeed */ = {
			isa = PBXGroup;
			children = (
				C28C193C7BC73D85820163A1 /* WordFeedView.swift */,
				87620CA6EA78E01907CAC03C /* WordFeedViewModel.swift */,
				93CAD5DD7AA24902904C05A6 /* SearchView.swift */,
			);
			path = WordFeed;
			sourceTree = "<group>";
		};
		6AD9078077C2ECF8F7E17DA4 /* Verbum */ = {
			isa = PBXGroup;
			children = (
				0B2E435E2FC5FBBD00F40D8E /* Verbum.entitlements */,
				D049E98968922F069DFE2A05 /* App */,
				7781A4F8E20ADB70F3041F6C /* Core */,
				D7AB88C02B7423232649B8AF /* Features */,
				8BE145A898188B73444CE9AB /* Resources */,
			);
			path = Verbum;
			sourceTree = "<group>";
		};
		7781A4F8E20ADB70F3041F6C /* Core */ = {
			isa = PBXGroup;
			children = (
				5CED0C16C7232577A5E34EA3 /* Components */,
				C87133722F1D695FF2BDFDE0 /* Data */,
				4D1145FF47374DCB64B6B337 /* Models */,
				A80019CBEFDE89AF7DB29EF0 /* Theme */,
				33C4A5AA02FE442C8CFC4D8E /* AppInfo.swift */,
			);
			path = Core;
			sourceTree = "<group>";
		};
		7C7FB6E41802C5F3524D7DEF = {
			isa = PBXGroup;
			children = (
				6AD9078077C2ECF8F7E17DA4 /* Verbum */,
				D5088D1E77AE4A06A23D3156 /* VerbumWidget */,
				2C23C9E482462D5AC7C9DE39 /* Products */,
				0B2E43562FC5F0F500F40D8E /* PrivacyInfo.xcprivacy */,
				0B2E435D2FC5FB3400F40D8E /* Verbum.entitlements */,
			);
			sourceTree = "<group>";
		};
		8BE145A898188B73444CE9AB /* Resources */ = {
			isa = PBXGroup;
			children = (
				E5189B465BCE9B4F0634218B /* Assets.xcassets */,
				0D8B7721046486BB75B8E066 /* Info.plist */,
				551CA09F41CBB9A77AA52313 /* translations.json */,
				7065EA90832D7B55B091ECF2 /* words.json */,
				A1B2C3D4E5F600000000DB02 /* words_v2.db */,
			);
			path = Resources;
			sourceTree = "<group>";
		};
		A80019CBEFDE89AF7DB29EF0 /* Theme */ = {
			isa = PBXGroup;
			children = (
				668CE3026DC6F136C89050F6 /* Colors.swift */,
				407BFE1DC6BC631FE00C1392 /* Spacing.swift */,
				FF790BB6AB4C75379219B4AC /* Typography.swift */,
			);
			path = Theme;
			sourceTree = "<group>";
		};
		BE83D5A94ECC8001DECB4807 /* Quiz */ = {
			isa = PBXGroup;
			children = (
				B30774A2D9419603F01BD410 /* BatchQuizView.swift */,
			);
			path = Quiz;
			sourceTree = "<group>";
		};
		C87133722F1D695FF2BDFDE0 /* Data */ = {
			isa = PBXGroup;
			children = (
				B076C6BB7303D36882CE3CD5 /* DatabaseDownloadManager.swift */,
				FD61BA2BD6F7F8B9F65F7809 /* WordDatabase.swift */,
				BA8E9091A467ADE090DC3610 /* WordRepository.swift */,
				E2748444E7D3D6A626DCCD28 /* WordStore.swift */,
				0B2E43542FC57CF500F40D8E /* SubscriptionManager.swift */,
				0B2E43572FC5FA8400F40D8E /* KeychainHelper.swift */,
				0B2E43592FC5FAA600F40D8E /* CloudKitSyncManager.swift */,
				0B2E435B2FC5FAB800F40D8E /* AuthService.swift */,
				0B2E435F2FC656AD00F40D8E /* TranslationStore.swift */,
				0B2E436A2FC71F2100F40D8E /* FSRS.swift */,
				0B2E436C2FC71F2200F40D8E /* GameCenterService.swift */,
				0B2E43762FC777FE00F40D8E /* WordAccess.swift */,
				0B2E43782FC777FF00F40D8E /* SharedWordStore.swift */,
				0B2E437A2FC7780000F40D8E /* SharedTimelinePublisher.swift */,
				49BC19F40A804F0CBC64AE12 /* SpotlightIndexer.swift */,
			);
			path = Data;
			sourceTree = "<group>";
		};
		D049E98968922F069DFE2A05 /* App */ = {
			isa = PBXGroup;
			children = (
				05F3824B4FCFF9A94E3B6FF3 /* AppCoordinator.swift */,
				C8BE0AC736303A807180D482 /* VerbumApp.swift */,
			);
			path = App;
			sourceTree = "<group>";
		};
		D5088D1E77AE4A06A23D3156 /* VerbumWidget */ = {
			isa = PBXGroup;
			children = (
				87548990CA3B40003EB7EBCC /* Info.plist */,
				3B124CA958B5492B2AA44C00 /* VerbumWidget.swift */,
				0B2E43822FC7786E00F40D8E /* VerbumWidgetBundle.swift */,
				0B2E43842FC7786E00F40D8E /* SharedWordStore.swift */,
				0B2E43862FC7787000F40D8E /* WordOfDayWidget.swift */,
				0B2E43882FC7787100F40D8E /* WordOfDayProvider.swift */,
				0B2E438A2FC7787200F40D8E /* WordOfDayEntryView.swift */,
			);
			path = VerbumWidget;
			sourceTree = "<group>";
		};
		D7AB88C02B7423232649B8AF /* Features */ = {
			isa = PBXGroup;
			children = (
				D9FF4298AFE0C1FEB4F861CF /* Categories */,
				3683F68C7753E78046E0E520 /* Leaderboard */,
				47D73899F0875BEF171CC980 /* Onboarding */,
				FED6F90E5FCF8CF293534703 /* Practice */,
				E14499B24D82DDB52E004ABA /* Profile */,
				BE83D5A94ECC8001DECB4807 /* Quiz */,
				39050C59D919444766CBEEB7 /* Stats */,
				2051B1995995727EA60FADC7 /* WordDetail */,
				66AE1E098D2522C453804C9D /* WordFeed */,
				E4A562BA51095B127FE66E51 /* WordList */,
			);
			path = Features;
			sourceTree = "<group>";
		};
		D9FF4298AFE0C1FEB4F861CF /* Categories */ = {
			isa = PBXGroup;
			children = (
				D998E15B1BDA53EAD060209F /* CategoriesView.swift */,
				87DE072F4CCDB4928A7EA0CB /* CategoryWordListView.swift */,
			);
			path = Categories;
			sourceTree = "<group>";
		};
		E14499B24D82DDB52E004ABA /* Profile */ = {
			isa = PBXGroup;
			children = (
				626B6BE3FF009B4C26107D5A /* NotificationSettingsView.swift */,
				B40971FC207D1701A44859D9 /* PremiumSheet.swift */,
				B0A60EE41CA03C91B64D6107 /* ProfileView.swift */,
				D1B2F39F12BBD577ADC37AC9 /* SettingsView.swift */,
				0B2E438E2FC874EC00F40D8E /* DecksView.swift */,
			);
			path = Profile;
			sourceTree = "<group>";
		};
		E4A562BA51095B127FE66E51 /* WordList */ = {
			isa = PBXGroup;
			children = (
				38066EA4774B8AB41DA9D6CF /* FavoritesView.swift */,
				FEE77BC5E1F3C579B4403031 /* HistoryView.swift */,
				C7CD9166BA32297E2C16426C /* LikedView.swift */,
				E77E8835D95DB845DF4A1B83 /* WordListView.swift */,
				0B2E437E2FC7782800F40D8E /* ShareableWordCard.swift */,
				0B2E43802FC7782900F40D8E /* WordShareSheet.swift */,
			);
			path = WordList;
			sourceTree = "<group>";
		};
		FED6F90E5FCF8CF293534703 /* Practice */ = {
			isa = PBXGroup;
			children = (
				F9771B8BC82C082859F3C175 /* FillGapView.swift */,
				6DFFC1788A87089728F16A36 /* GuessWordView.swift */,
				B2D8A0187A66B0FDD2F98DF7 /* LevelTestView.swift */,
				B0AB903A5468A0F05B222D8F /* LevelTestViewModel.swift */,
				357806ACCB3D66F2867A3E80 /* PracticeMenuView.swift */,
				2968154FE6B16D65BCB011D1 /* QuizView.swift */,
				A00F070C603FE504217EDA4A /* QuizViewModel.swift */,
				22CF08B79256CCCF0F41560C /* SynonymsView.swift */,
				0B2E43622FC6F2D800F40D8E /* InsufficientWordsView.swift */,
				0B2E43722FC71F2500F40D8E /* ChallengeView.swift */,
			);
			path = Practice;
			sourceTree = "<group>";
		};
/* End PBXGroup section */

/* Begin PBXNativeTarget section */
		BB43FC632639A9698064B413 /* Verbum */ = {
			isa = PBXNativeTarget;
			buildConfigurationList = CB7951C870A0D123D12603A8 /* Build configuration list for PBXNativeTarget "Verbum" */;
			buildPhases = (
				45F5B2EAD3BA38F49995E439 /* Sources */,
				DAA52573C1682DAFDA089E31 /* Resources */,
				FADFBD71523E891878687FA6 /* Frameworks */,
				2709A3B218086B1768A9C988 /* Embed Foundation Extensions */,
			);
			buildRules = (
			);
			dependencies = (
				B7634E8BC6D515618971146E /* PBXTargetDependency */,
			);
			name = Verbum;
			packageProductDependencies = (
				08855E15BC1D1540CB22C18F /* GRDB */,
			);
			productName = Verbum;
			productReference = C21B3590E4FD7FF17ACFAA57 /* Verbum.app */;
			productType = "com.apple.product-type.application";
		};
		D2002E6BF18631A010AE57A0 /* VerbumWidgetExtension */ = {
			isa = PBXNativeTarget;
			buildConfigurationList = 5F87C32927270E84F6CEA96F /* Build configuration list for PBXNativeTarget "VerbumWidgetExtension" */;
			buildPhases = (
				1991E37DA81AFF0C0524BFF2 /* Sources */,
				5455D004A7E3CD7D6CC3A537 /* Resources */,
			);
			buildRules = (
			);
			dependencies = (
			);
			name = VerbumWidgetExtension;
			packageProductDependencies = (
			);
			productName = VerbumWidgetExtension;
			productReference = 3E852055DFAE15E4F9712719 /* VerbumWidgetExtension.appex */;
			productType = "com.apple.product-type.app-extension";
		};
/* End PBXNativeTarget section */

/* Begin PBXProject section */
		40DBA824FA9D1DF3B3B10DA7 /* Project object */ = {
			isa = PBXProject;
			attributes = {
				BuildIndependentTargetsInParallel = YES;
				LastUpgradeCheck = 1500;
				TargetAttributes = {
					BB43FC632639A9698064B413 = {
						ProvisioningStyle = Automatic;
					};
					D2002E6BF18631A010AE57A0 = {
						ProvisioningStyle = Automatic;
					};
				};
			};
			buildConfigurationList = 55A2B6BECCF4054C98B289F0 /* Build configuration list for PBXProject "Verbum" */;
			developmentRegion = en;
			hasScannedForEncodings = 0;
			knownRegions = (
				Base,
				en,
			);
			mainGroup = 7C7FB6E41802C5F3524D7DEF;
			minimizedProjectReferenceProxies = 1;
			packageReferences = (
				D8392FCB33D222532FA184DD /* XCRemoteSwiftPackageReference "GRDB" */,
			);
			preferredProjectObjectVersion = 77;
			productRefGroup = 2C23C9E482462D5AC7C9DE39 /* Products */;
			projectDirPath = "";
			projectRoot = "";
			targets = (
				BB43FC632639A9698064B413 /* Verbum */,
				D2002E6BF18631A010AE57A0 /* VerbumWidgetExtension */,
			);
		};
/* End PBXProject section */

/* Begin PBXResourcesBuildPhase section */
		5455D004A7E3CD7D6CC3A537 /* Resources */ = {
			isa = PBXResourcesBuildPhase;
			buildActionMask = 2147483647;
			files = (
				FF4EC6622D81417E083B2D59 /* words.json in Resources */,
			);
			runOnlyForDeploymentPostprocessing = 0;
		};
		DAA52573C1682DAFDA089E31 /* Resources */ = {
			isa = PBXResourcesBuildPhase;
			buildActionMask = 2147483647;
			files = (
				4DEB60027F2328402FD8D116 /* Assets.xcassets in Resources */,
				3638E2784BCD24A1EC73A154 /* translations.json in Resources */,
				2FBE902D8E472DD311783D17 /* words.json in Resources */,
				A1B2C3D4E5F600000000DB01 /* words_v2.db in Resources */,
			);
			runOnlyForDeploymentPostprocessing = 0;
		};
/* End PBXResourcesBuildPhase section */

/* Begin PBXSourcesBuildPhase section */
		1991E37DA81AFF0C0524BFF2 /* Sources */ = {
			isa = PBXSourcesBuildPhase;
			buildActionMask = 2147483647;
			files = (
				0B2E43832FC7786E00F40D8E /* VerbumWidgetBundle.swift in Sources */,
				0B2E43852FC7786F00F40D8E /* SharedWordStore.swift in Sources */,
				B4F2A4302D6A0D6DFA5FD090 /* VerbumWidget.swift in Sources */,
				0B2E43892FC7787100F40D8E /* WordOfDayProvider.swift in Sources */,
				0B2E43872FC7787000F40D8E /* WordOfDayWidget.swift in Sources */,
				0B2E438B2FC7787200F40D8E /* WordOfDayEntryView.swift in Sources */,
			);
			runOnlyForDeploymentPostprocessing = 0;
		};
		45F5B2EAD3BA38F49995E439 /* Sources */ = {
			isa = PBXSourcesBuildPhase;
			buildActionMask = 2147483647;
			files = (
				869F5F5C647E47083B5A3C54 /* AppCoordinator.swift in Sources */,
				506F22E3AD9EDD8BF8C0D97B /* Badge.swift in Sources */,
				0B2E436F2FC71F2300F40D8E /* ConfettiView.swift in Sources */,
				963AE7507F748C374F47FB23 /* BatchQuizView.swift in Sources */,
				0B2E43582FC5FA8400F40D8E /* KeychainHelper.swift in Sources */,
				4FC414CC91A918A25DF49891 /* CategoriesView.swift in Sources */,
				7D78B2E6B4464A9FEBD34AE1 /* CategoryWordListView.swift in Sources */,
				6152418B92E9EEDF172F600A /* Colors.swift in Sources */,
				0B2E43732FC71F2500F40D8E /* ChallengeView.swift in Sources */,
				DA4428337D5EA213220B76EA /* DatabaseDownloadManager.swift in Sources */,
				9B7B30E93778BDA7A8B477D2 /* DatabaseStatusBanner.swift in Sources */,
				B34C314DAD58876A5171C3C3 /* FavoritesView.swift in Sources */,
				FF8413B877176170454BA142 /* FillGapView.swift in Sources */,
				DBAE558F86BDFD6B66CF22F7 /* GuessWordView.swift in Sources */,
				0B2E43792FC777FF00F40D8E /* SharedWordStore.swift in Sources */,
				0B2E437F2FC7782800F40D8E /* ShareableWordCard.swift in Sources */,
				EE685211A5C75DBB3B17ADFE /* HapticManager.swift in Sources */,
				5B35626FDD7263A94F82072C /* HistoryView.swift in Sources */,
				C76EBA2112E804C4EDD78D04 /* LeaderboardView.swift in Sources */,
				999398853EDED46DF2113702 /* LevelTestView.swift in Sources */,
				514DF89DA836245BF4E3F79C /* LevelTestViewModel.swift in Sources */,
				9C07D77964AD69422176D390 /* LikedView.swift in Sources */,
				6262D1F17263EA0113DB6D33 /* NotificationManager.swift in Sources */,
				0B2E435C2FC5FAB800F40D8E /* AuthService.swift in Sources */,
				C1ABEA8BB748FBA001BFB65B /* NotificationSettingsView.swift in Sources */,
				063129C2C1514E30206994BB /* NotificationsSetupView.swift in Sources */,
				8A6B0B71ACEEF8FD5D937D3E /* OnboardingFlow.swift in Sources */,
				0B2E43812FC7782900F40D8E /* WordShareSheet.swift in Sources */,
				C0D846C0FB617A42B06CB2DD /* PillButton.swift in Sources */,
				BA17D3B8C8F4328C549244F6 /* PracticeMenuView.swift in Sources */,
				DFAF38158805A595D167D0D7 /* PremiumSheet.swift in Sources */,
				0B2E436B2FC71F2100F40D8E /* FSRS.swift in Sources */,
				2C4AAF9E271CC6901F98EC57 /* ProfileSetupViews.swift in Sources */,
				A8F6F4E86EDFD68962B9D751 /* ProfileView.swift in Sources */,
				043DF0EEE7D9F8A442869F87 /* ProgressBar.swift in Sources */,
				DD9EE0D1A601D7F6A5EBC12A /* QuizView.swift in Sources */,
				0B2E437B2FC7780000F40D8E /* SharedTimelinePublisher.swift in Sources */,
				9BD0833A61044BAE86647FA4 /* SpotlightIndexer.swift in Sources */,
				DBF873E677CDEFF6370C676E /* QuizViewModel.swift in Sources */,
				372D640A51EA5E6723077E69 /* RadioOptionRow.swift in Sources */,
				17BB0029E62D11E528FEA803 /* SettingsView.swift in Sources */,
				A2D6502521FF557E366F1EEE /* SoundManager.swift in Sources */,
				E856670F40494A3CA48A3111 /* AppInfo.swift in Sources */,
				9D07982C7D204C31834772A1 /* SpeechService.swift in Sources */,
				734197DCA2FB4EDABD417057 /* Logger+Verbum.swift in Sources */,
				D35923D0663FCF28916789B7 /* Spacing.swift in Sources */,
				335DB077660578203921C7B0 /* StatsView.swift in Sources */,
				952A8DD995A6688243461622 /* SynonymsView.swift in Sources */,
				415BBCB7DFABF2CC1FAC62B3 /* Typography.swift in Sources */,
				0B2E436D2FC71F2200F40D8E /* GameCenterService.swift in Sources */,
				C2D154D2972BE298747DAEB7 /* UserProfile.swift in Sources */,
				2D340578381485FD8894507E /* VerbumApp.swift in Sources */,
				83E469F0405852685C17601A /* WelcomeView.swift in Sources */,
				0B2E43632FC6F2D800F40D8E /* InsufficientWordsView.swift in Sources */,
				369E231F75B7C8CA0D4DF87F /* Word.swift in Sources */,
				217902B9D01EBDC2ED0FAC11 /* WordDatabase.swift in Sources */,
				E634F2266613A3AD00BC31D0 /* WordDetailView.swift in Sources */,
				0B2E438F2FC874EC00F40D8E /* DecksView.swift in Sources */,
				41032E0D877D4385FFB1E1EE /* WordDetailViewModel.swift in Sources */,
				879172BE91D0F16A4AA5B44B /* WordFeedView.swift in Sources */,
				F6CCA03B30F7FC4520024616 /* WordFeedViewModel.swift in Sources */,
				1FE61FA22EFD4D1788EEF7AC /* SearchView.swift in Sources */,
				0B2E43772FC777FE00F40D8E /* WordAccess.swift in Sources */,
				0B2E43552FC57CF500F40D8E /* SubscriptionManager.swift in Sources */,
				0B2E43602FC656AD00F40D8E /* TranslationStore.swift in Sources */,
				6C687920C5C06F2C0EB8E01C /* WordListView.swift in Sources */,
				EABF0BC49A27AE92CB054590 /* WordRepository.swift in Sources */,
				0B2E43712FC71F2400F40D8E /* CommitmentView.swift in Sources */,
				0B2E435A2FC5FAA600F40D8E /* CloudKitSyncManager.swift in Sources */,
				B8B564ACAD6501DAADD414FC /* WordStore.swift in Sources */,
			);
			runOnlyForDeploymentPostprocessing = 0;
		};
/* End PBXSourcesBuildPhase section */

/* Begin PBXTargetDependency section */
		B7634E8BC6D515618971146E /* PBXTargetDependency */ = {
			isa = PBXTargetDependency;
			target = D2002E6BF18631A010AE57A0 /* VerbumWidgetExtension */;
			targetProxy = 8CE3C8B0A5C334908F72476F /* PBXContainerItemProxy */;
		};
/* End PBXTargetDependency section */

/* Begin XCBuildConfiguration section */
		03543AC628DCB6C2730C084C /* Debug */ = {
			isa = XCBuildConfiguration;
			buildSettings = {
				ASSETCATALOG_COMPILER_APPICON_NAME = AppIcon;
				CODE_SIGN_ENTITLEMENTS = Verbum/Verbum.entitlements;
				CODE_SIGN_IDENTITY = "iPhone Developer";
				CODE_SIGN_STYLE = Automatic;
				CURRENT_PROJECT_VERSION = 1;
				DEVELOPMENT_TEAM = 8FBFRUZ735;
				INFOPLIST_FILE = Verbum/Resources/Info.plist;
				IPHONEOS_DEPLOYMENT_TARGET = 16.0;
				LD_RUNPATH_SEARCH_PATHS = (
					"$(inherited)",
					"@executable_path/Frameworks",
				);
				MARKETING_VERSION = 1.0;
				PRODUCT_BUNDLE_IDENTIFIER = com.verbum.app;
				SDKROOT = iphoneos;
				SWIFT_STRICT_CONCURRENCY = complete;
				SWIFT_VERSION = 5.9;
				TARGETED_DEVICE_FAMILY = "1,2";
			};
			name = Debug;
		};
		1DC8C99597B44DE0546DA6D1 /* Release */ = {
			isa = XCBuildConfiguration;
			buildSettings = {
				CODE_SIGN_STYLE = Automatic;
				CURRENT_PROJECT_VERSION = 1;
				DEVELOPMENT_TEAM = 8FBFRUZ735;
				INFOPLIST_FILE = VerbumWidget/Info.plist;
				IPHONEOS_DEPLOYMENT_TARGET = 16.0;
				LD_RUNPATH_SEARCH_PATHS = (
					"$(inherited)",
					"@executable_path/Frameworks",
					"@executable_path/../../Frameworks",
				);
				MARKETING_VERSION = 1.0;
				PRODUCT_BUNDLE_IDENTIFIER = com.verbum.app.widget;
				SDKROOT = iphoneos;
				SKIP_INSTALL = YES;
				SWIFT_VERSION = 5.9;
				TARGETED_DEVICE_FAMILY = "1,2";
			};
			name = Release;
		};
		68563C32E9264977C1726B65 /* Release */ = {
			isa = XCBuildConfiguration;
			buildSettings = {
				ASSETCATALOG_COMPILER_APPICON_NAME = AppIcon;
				CODE_SIGN_ENTITLEMENTS = Verbum/Verbum.entitlements;
				CODE_SIGN_IDENTITY = "iPhone Developer";
				CODE_SIGN_STYLE = Automatic;
				CURRENT_PROJECT_VERSION = 1;
				DEVELOPMENT_TEAM = 8FBFRUZ735;
				INFOPLIST_FILE = Verbum/Resources/Info.plist;
				IPHONEOS_DEPLOYMENT_TARGET = 16.0;
				LD_RUNPATH_SEARCH_PATHS = (
					"$(inherited)",
					"@executable_path/Frameworks",
				);
				MARKETING_VERSION = 1.0;
				PRODUCT_BUNDLE_IDENTIFIER = com.verbum.app;
				SDKROOT = iphoneos;
				SWIFT_STRICT_CONCURRENCY = complete;
				SWIFT_VERSION = 5.9;
				TARGETED_DEVICE_FAMILY = "1,2";
			};
			name = Release;
		};
		7B402DC523FBF0DC14840BEB /* Release */ = {
			isa = XCBuildConfiguration;
			buildSettings = {
				ALWAYS_SEARCH_USER_PATHS = NO;
				CLANG_ANALYZER_NONNULL = YES;
				CLANG_ANALYZER_NUMBER_OBJECT_CONVERSION = YES_AGGRESSIVE;
				CLANG_CXX_LANGUAGE_STANDARD = "gnu++14";
				CLANG_CXX_LIBRARY = "libc++";
				CLANG_ENABLE_MODULES = YES;
				CLANG_ENABLE_OBJC_ARC = YES;
				CLANG_ENABLE_OBJC_WEAK = YES;
				CLANG_WARN_BLOCK_CAPTURE_AUTORELEASING = YES;
				CLANG_WARN_BOOL_CONVERSION = YES;
				CLANG_WARN_COMMA = YES;
				CLANG_WARN_CONSTANT_CONVERSION = YES;
				CLANG_WARN_DEPRECATED_OBJC_IMPLEMENTATIONS = YES;
				CLANG_WARN_DIRECT_OBJC_ISA_USAGE = YES_ERROR;
				CLANG_WARN_DOCUMENTATION_COMMENTS = YES;
				CLANG_WARN_EMPTY_BODY = YES;
				CLANG_WARN_ENUM_CONVERSION = YES;
				CLANG_WARN_INFINITE_RECURSION = YES;
				CLANG_WARN_INT_CONVERSION = YES;
				CLANG_WARN_NON_LITERAL_NULL_CONVERSION = YES;
				CLANG_WARN_OBJC_IMPLICIT_RETAIN_SELF = YES;
				CLANG_WARN_OBJC_LITERAL_CONVERSION = YES;
				CLANG_WARN_OBJC_ROOT_CLASS = YES_ERROR;
				CLANG_WARN_QUOTED_INCLUDE_IN_FRAMEWORK_HEADER = YES;
				CLANG_WARN_RANGE_LOOP_ANALYSIS = YES;
				CLANG_WARN_STRICT_PROTOTYPES = YES;
				CLANG_WARN_SUSPICIOUS_MOVE = YES;
				CLANG_WARN_UNGUARDED_AVAILABILITY = YES_AGGRESSIVE;
				CLANG_WARN_UNREACHABLE_CODE = YES;
				CLANG_WARN__DUPLICATE_METHOD_MATCH = YES;
				COPY_PHASE_STRIP = NO;
				DEBUG_INFORMATION_FORMAT = "dwarf-with-dsym";
				ENABLE_NS_ASSERTIONS = NO;
				ENABLE_STRICT_OBJC_MSGSEND = YES;
				GCC_C_LANGUAGE_STANDARD = gnu11;
				GCC_NO_COMMON_BLOCKS = YES;
				GCC_WARN_64_TO_32_BIT_CONVERSION = YES;
				GCC_WARN_ABOUT_RETURN_TYPE = YES_ERROR;
				GCC_WARN_UNDECLARED_SELECTOR = YES;
				GCC_WARN_UNINITIALIZED_AUTOS = YES_AGGRESSIVE;
				GCC_WARN_UNUSED_FUNCTION = YES;
				GCC_WARN_UNUSED_VARIABLE = YES;
				IPHONEOS_DEPLOYMENT_TARGET = 16.0;
				MTL_ENABLE_DEBUG_INFO = NO;
				MTL_FAST_MATH = YES;
				PRODUCT_NAME = "$(TARGET_NAME)";
				SDKROOT = iphoneos;
				SWIFT_COMPILATION_MODE = wholemodule;
				SWIFT_OPTIMIZATION_LEVEL = "-O";
				SWIFT_VERSION = 5.0;
			};
			name = Release;
		};
		90EBD3E411FE500B076CEEC1 /* Debug */ = {
			isa = XCBuildConfiguration;
			buildSettings = {
				CODE_SIGN_STYLE = Automatic;
				CURRENT_PROJECT_VERSION = 1;
				DEVELOPMENT_TEAM = 8FBFRUZ735;
				INFOPLIST_FILE = VerbumWidget/Info.plist;
				IPHONEOS_DEPLOYMENT_TARGET = 16.0;
				LD_RUNPATH_SEARCH_PATHS = (
					"$(inherited)",
					"@executable_path/Frameworks",
					"@executable_path/../../Frameworks",
				);
				MARKETING_VERSION = 1.0;
				PRODUCT_BUNDLE_IDENTIFIER = com.verbum.app.widget;
				SDKROOT = iphoneos;
				SKIP_INSTALL = YES;
				SWIFT_VERSION = 5.9;
				TARGETED_DEVICE_FAMILY = "1,2";
			};
			name = Debug;
		};
		9E5CCBC05A7046653421F689 /* Debug */ = {
			isa = XCBuildConfiguration;
			buildSettings = {
				ALWAYS_SEARCH_USER_PATHS = NO;
				CLANG_ANALYZER_NONNULL = YES;
				CLANG_ANALYZER_NUMBER_OBJECT_CONVERSION = YES_AGGRESSIVE;
				CLANG_CXX_LANGUAGE_STANDARD = "gnu++14";
				CLANG_CXX_LIBRARY = "libc++";
				CLANG_ENABLE_MODULES = YES;
				CLANG_ENABLE_OBJC_ARC = YES;
				CLANG_ENABLE_OBJC_WEAK = YES;
				CLANG_WARN_BLOCK_CAPTURE_AUTORELEASING = YES;
				CLANG_WARN_BOOL_CONVERSION = YES;
				CLANG_WARN_COMMA = YES;
				CLANG_WARN_CONSTANT_CONVERSION = YES;
				CLANG_WARN_DEPRECATED_OBJC_IMPLEMENTATIONS = YES;
				CLANG_WARN_DIRECT_OBJC_ISA_USAGE = YES_ERROR;
				CLANG_WARN_DOCUMENTATION_COMMENTS = YES;
				CLANG_WARN_EMPTY_BODY = YES;
				CLANG_WARN_ENUM_CONVERSION = YES;
				CLANG_WARN_INFINITE_RECURSION = YES;
				CLANG_WARN_INT_CONVERSION = YES;
				CLANG_WARN_NON_LITERAL_NULL_CONVERSION = YES;
				CLANG_WARN_OBJC_IMPLICIT_RETAIN_SELF = YES;
				CLANG_WARN_OBJC_LITERAL_CONVERSION = YES;
				CLANG_WARN_OBJC_ROOT_CLASS = YES_ERROR;
				CLANG_WARN_QUOTED_INCLUDE_IN_FRAMEWORK_HEADER = YES;
				CLANG_WARN_RANGE_LOOP_ANALYSIS = YES;
				CLANG_WARN_STRICT_PROTOTYPES = YES;
				CLANG_WARN_SUSPICIOUS_MOVE = YES;
				CLANG_WARN_UNGUARDED_AVAILABILITY = YES_AGGRESSIVE;
				CLANG_WARN_UNREACHABLE_CODE = YES;
				CLANG_WARN__DUPLICATE_METHOD_MATCH = YES;
				COPY_PHASE_STRIP = NO;
				DEBUG_INFORMATION_FORMAT = dwarf;
				ENABLE_STRICT_OBJC_MSGSEND = YES;
				ENABLE_TESTABILITY = YES;
				GCC_C_LANGUAGE_STANDARD = gnu11;
				GCC_DYNAMIC_NO_PIC = NO;
				GCC_NO_COMMON_BLOCKS = YES;
				GCC_OPTIMIZATION_LEVEL = 0;
				GCC_PREPROCESSOR_DEFINITIONS = (
					"$(inherited)",
					"DEBUG=1",
				);
				GCC_WARN_64_TO_32_BIT_CONVERSION = YES;
				GCC_WARN_ABOUT_RETURN_TYPE = YES_ERROR;
				GCC_WARN_UNDECLARED_SELECTOR = YES;
				GCC_WARN_UNINITIALIZED_AUTOS = YES_AGGRESSIVE;
				GCC_WARN_UNUSED_FUNCTION = YES;
				GCC_WARN_UNUSED_VARIABLE = YES;
				IPHONEOS_DEPLOYMENT_TARGET = 16.0;
				MTL_ENABLE_DEBUG_INFO = INCLUDE_SOURCE;
				MTL_FAST_MATH = YES;
				ONLY_ACTIVE_ARCH = YES;
				PRODUCT_NAME = "$(TARGET_NAME)";
				SDKROOT = iphoneos;
				SWIFT_ACTIVE_COMPILATION_CONDITIONS = DEBUG;
				SWIFT_OPTIMIZATION_LEVEL = "-Onone";
				SWIFT_VERSION = 5.0;
			};
			name = Debug;
		};
/* End XCBuildConfiguration section */

/* Begin XCConfigurationList section */
		55A2B6BECCF4054C98B289F0 /* Build configuration list for PBXProject "Verbum" */ = {
			isa = XCConfigurationList;
			buildConfigurations = (
				9E5CCBC05A7046653421F689 /* Debug */,
				7B402DC523FBF0DC14840BEB /* Release */,
			);
			defaultConfigurationIsVisible = 0;
			defaultConfigurationName = Debug;
		};
		5F87C32927270E84F6CEA96F /* Build configuration list for PBXNativeTarget "VerbumWidgetExtension" */ = {
			isa = XCConfigurationList;
			buildConfigurations = (
				90EBD3E411FE500B076CEEC1 /* Debug */,
				1DC8C99597B44DE0546DA6D1 /* Release */,
			);
			defaultConfigurationIsVisible = 0;
			defaultConfigurationName = Debug;
		};
		CB7951C870A0D123D12603A8 /* Build configuration list for PBXNativeTarget "Verbum" */ = {
			isa = XCConfigurationList;
			buildConfigurations = (
				03543AC628DCB6C2730C084C /* Debug */,
				68563C32E9264977C1726B65 /* Release */,
			);
			defaultConfigurationIsVisible = 0;
			defaultConfigurationName = Debug;
		};
/* End XCConfigurationList section */

/* Begin XCRemoteSwiftPackageReference section */
		D8392FCB33D222532FA184DD /* XCRemoteSwiftPackageReference "GRDB" */ = {
			isa = XCRemoteSwiftPackageReference;
			repositoryURL = "https://github.com/groue/GRDB.swift";
			requirement = {
				kind = upToNextMajorVersion;
				minimumVersion = 6.29.0;
			};
		};
/* End XCRemoteSwiftPackageReference section */

/* Begin XCSwiftPackageProductDependency section */
		08855E15BC1D1540CB22C18F /* GRDB */ = {
			isa = XCSwiftPackageProductDependency;
			package = D8392FCB33D222532FA184DD /* XCRemoteSwiftPackageReference "GRDB" */;
			productName = GRDB;
		};
/* End XCSwiftPackageProductDependency section */
	};
	rootObject = 40DBA824FA9D1DF3B3B10DA7 /* Project object */;
}
