// !$*UTF8*$!
{
	archiveVersion = 1;
	classes = {
	};
	objectVersion = 77;
	objects = {

/* Begin PBXBuildFile section */
		0032134F1AECB6913F2BF734 /* CommitmentView.swift in Sources */ = {isa = PBXBuildFile; fileRef = 742443643794F04CF16B025C /* CommitmentView.swift */; };
		0215DEE999CC566D632C1BE2 /* Verbum.storekit in Resources */ = {isa = PBXBuildFile; fileRef = 316AFDD1DDBC8F61E0F3E75E /* Verbum.storekit */; };
		043DF0EEE7D9F8A442869F87 /* ProgressBar.swift in Sources */ = {isa = PBXBuildFile; fileRef = 9BFF885EECBBFF36393A0207 /* ProgressBar.swift */; };
		063129C2C1514E30206994BB /* NotificationsSetupView.swift in Sources */ = {isa = PBXBuildFile; fileRef = 693E65753117638048641719 /* NotificationsSetupView.swift */; };
		07428379FB74A3E81541F286 /* ConfettiView.swift in Sources */ = {isa = PBXBuildFile; fileRef = EEBBDCED3924638D2D69CDCC /* ConfettiView.swift */; };
		07F0EFC7F5A9CDF2CD0E5DC7 /* WordAccessTests.swift in Sources */ = {isa = PBXBuildFile; fileRef = 0A89258AF193132750B6539E /* WordAccessTests.swift */; };
		0CF55C7C657B7F92E1DC5B4A /* SharedWordStore.swift in Sources */ = {isa = PBXBuildFile; fileRef = 20A4CC1EEAE1531CA32DC551 /* SharedWordStore.swift */; };
		133E064D4F1227A2C6394B89 /* ChallengeView.swift in Sources */ = {isa = PBXBuildFile; fileRef = 3E6491D5127E47854DC497F5 /* ChallengeView.swift */; };
		143A669B556D1A55EA103214 /* PrivacyInfo.xcprivacy in Resources */ = {isa = PBXBuildFile; fileRef = 74131837D5B93D5692FB2461 /* PrivacyInfo.xcprivacy */; };
		17BB0029E62D11E528FEA803 /* SettingsView.swift in Sources */ = {isa = PBXBuildFile; fileRef = D1B2F39F12BBD577ADC37AC9 /* SettingsView.swift */; };
		20C755AAB0A5499D838B467F /* AppInfo.swift in Sources */ = {isa = PBXBuildFile; fileRef = 3A94394A4ED7AC0100475478 /* AppInfo.swift */; };
		217902B9D01EBDC2ED0FAC11 /* WordDatabase.swift in Sources */ = {isa = PBXBuildFile; fileRef = FD61BA2BD6F7F8B9F65F7809 /* WordDatabase.swift */; };
		2BCF84DC074AD623803F020B /* SpotlightIndexer.swift in Sources */ = {isa = PBXBuildFile; fileRef = 7EF4A5A7958B8B59F1F6A34F /* SpotlightIndexer.swift */; };
		2C4AAF9E271CC6901F98EC57 /* ProfileSetupViews.swift in Sources */ = {isa = PBXBuildFile; fileRef = 1BE3D27E0CD5A912513A4B2D /* ProfileSetupViews.swift */; };
		2D340578381485FD8894507E /* VerbumApp.swift in Sources */ = {isa = PBXBuildFile; fileRef = C8BE0AC736303A807180D482 /* VerbumApp.swift */; };
		2FBE902D8E472DD311783D17 /* words.json in Resources */ = {isa = PBXBuildFile; fileRef = 7065EA90832D7B55B091ECF2 /* words.json */; };
		31BC24E2659C816519EBB17A /* words_v2.db in Resources */ = {isa = PBXBuildFile; fileRef = EECE110E8ADA8FA5F54C7A95 /* words_v2.db */; };
		335DB077660578203921C7B0 /* StatsView.swift in Sources */ = {isa = PBXBuildFile; fileRef = B9B96A9B8319C8AE14CFB5C7 /* StatsView.swift */; };
		3638E2784BCD24A1EC73A154 /* translations.json in Resources */ = {isa = PBXBuildFile; fileRef = 551CA09F41CBB9A77AA52313 /* translations.json */; };
		369E231F75B7C8CA0D4DF87F /* Word.swift in Sources */ = {isa = PBXBuildFile; fileRef = FCF54206A121475D1DB43775 /* Word.swift */; };
		372D640A51EA5E6723077E69 /* RadioOptionRow.swift in Sources */ = {isa = PBXBuildFile; fileRef = 6ADB3CA22DE2D334C62EE81F /* RadioOptionRow.swift */; };
		3956E00B7EA24231E5ADC4B3 /* FSRS.swift in Sources */ = {isa = PBXBuildFile; fileRef = 1A702C3CDDC0F977DBCCF854 /* FSRS.swift */; };
		3B36F4C2BFF0624DD1C89DF7 /* GRDB in Frameworks */ = {isa = PBXBuildFile; productRef = 08855E15BC1D1540CB22C18F /* GRDB */; };
		3D309F4778BCD76EA8525F37 /* Localizable.strings in Resources */ = {isa = PBXBuildFile; fileRef = 897722CFD692ACFC89C03E08 /* Localizable.strings */; };
		41032E0D877D4385FFB1E1EE /* WordDetailViewModel.swift in Sources */ = {isa = PBXBuildFile; fileRef = 405F392D2DD54DAC3CADF013 /* WordDetailViewModel.swift */; };
		415BBCB7DFABF2CC1FAC62B3 /* Typography.swift in Sources */ = {isa = PBXBuildFile; fileRef = FF790BB6AB4C75379219B4AC /* Typography.swift */; };
		4197BE7D6A97E97B4E1D3B1A /* CloudKitSyncManager.swift in Sources */ = {isa = PBXBuildFile; fileRef = 9043274A62A43B65329A2950 /* CloudKitSyncManager.swift */; };
		4DEB60027F2328402FD8D116 /* Assets.xcassets in Resources */ = {isa = PBXBuildFile; fileRef = E5189B465BCE9B4F0634218B /* Assets.xcassets */; };
		4FC414CC91A918A25DF49891 /* CategoriesView.swift in Sources */ = {isa = PBXBuildFile; fileRef = D998E15B1BDA53EAD060209F /* CategoriesView.swift */; };
		506F22E3AD9EDD8BF8C0D97B /* Badge.swift in Sources */ = {isa = PBXBuildFile; fileRef = EACC7F5F28B7CA69B1A0BDFD /* Badge.swift */; };
		514DF89DA836245BF4E3F79C /* LevelTestViewModel.swift in Sources */ = {isa = PBXBuildFile; fileRef = B0AB903A5468A0F05B222D8F /* LevelTestViewModel.swift */; };
		5B35626FDD7263A94F82072C /* HistoryView.swift in Sources */ = {isa = PBXBuildFile; fileRef = FEE77BC5E1F3C579B4403031 /* HistoryView.swift */; };
		5B867A4ED94322BBB09B35C8 /* WordAccess.swift in Sources */ = {isa = PBXBuildFile; fileRef = 8FCA2BBCF7427AC019012D6D /* WordAccess.swift */; };
		6152418B92E9EEDF172F600A /* Colors.swift in Sources */ = {isa = PBXBuildFile; fileRef = 668CE3026DC6F136C89050F6 /* Colors.swift */; };
		6262D1F17263EA0113DB6D33 /* NotificationManager.swift in Sources */ = {isa = PBXBuildFile; fileRef = CC3FA109C5CBF3483AE956A1 /* NotificationManager.swift */; };
		679B7435A65EE128E3BDFD9D /* PrivacyInfo.xcprivacy in Resources */ = {isa = PBXBuildFile; fileRef = FD4DC7155AFE3B84443544BC /* PrivacyInfo.xcprivacy */; };
		6C687920C5C06F2C0EB8E01C /* WordListView.swift in Sources */ = {isa = PBXBuildFile; fileRef = E77E8835D95DB845DF4A1B83 /* WordListView.swift */; };
		6E092B37913B03EA75FFA430 /* SubscriptionManager.swift in Sources */ = {isa = PBXBuildFile; fileRef = 3A0D8D8BF95F826798C83F6C /* SubscriptionManager.swift */; };
		77C3E860E20CA6C0C9C099AF /* Logger+Verbum.swift in Sources */ = {isa = PBXBuildFile; fileRef = 58662E08BA73B725EB7F57A5 /* Logger+Verbum.swift */; };
		7D78B2E6B4464A9FEBD34AE1 /* CategoryWordListView.swift in Sources */ = {isa = PBXBuildFile; fileRef = 87DE072F4CCDB4928A7EA0CB /* CategoryWordListView.swift */; };
		7E38CD4971762EB3D35950F4 /* DecksView.swift in Sources */ = {isa = PBXBuildFile; fileRef = 4365E89823DC62143EFAB7BC /* DecksView.swift */; };
		83E469F0405852685C17601A /* WelcomeView.swift in Sources */ = {isa = PBXBuildFile; fileRef = EFCA694741309C6D900CD665 /* WelcomeView.swift */; };
		84DCDD65EF37FADA116BBCE8 /* GameCenterService.swift in Sources */ = {isa = PBXBuildFile; fileRef = B7D72F92771EB30EBB1959B1 /* GameCenterService.swift */; };
		869F5F5C647E47083B5A3C54 /* AppCoordinator.swift in Sources */ = {isa = PBXBuildFile; fileRef = 05F3824B4FCFF9A94E3B6FF3 /* AppCoordinator.swift */; };
		879172BE91D0F16A4AA5B44B /* WordFeedView.swift in Sources */ = {isa = PBXBuildFile; fileRef = C28C193C7BC73D85820163A1 /* WordFeedView.swift */; };
		8A6B0B71ACEEF8FD5D937D3E /* OnboardingFlow.swift in Sources */ = {isa = PBXBuildFile; fileRef = 837A7A327A614F779F75B887 /* OnboardingFlow.swift */; };
		8BD9683CC097F78400A883A2 /* KeychainHelper.swift in Sources */ = {isa = PBXBuildFile; fileRef = A5C20A9DD30AFD69BB3317B6 /* KeychainHelper.swift */; };
		930B261EDA1014D495490311 /* InsufficientWordsView.swift in Sources */ = {isa = PBXBuildFile; fileRef = A9BA119E24D505711D1EF90B /* InsufficientWordsView.swift */; };
		952A8DD995A6688243461622 /* SynonymsView.swift in Sources */ = {isa = PBXBuildFile; fileRef = 22CF08B79256CCCF0F41560C /* SynonymsView.swift */; };
		963AE7507F748C374F47FB23 /* BatchQuizView.swift in Sources */ = {isa = PBXBuildFile; fileRef = B30774A2D9419603F01BD410 /* BatchQuizView.swift */; };
		999398853EDED46DF2113702 /* LevelTestView.swift in Sources */ = {isa = PBXBuildFile; fileRef = B2D8A0187A66B0FDD2F98DF7 /* LevelTestView.swift */; };
		9B7B30E93778BDA7A8B477D2 /* DatabaseStatusBanner.swift in Sources */ = {isa = PBXBuildFile; fileRef = AB2B1865D6486015904758FA /* DatabaseStatusBanner.swift */; };
		9BAB5DC37B7C07F4940E9DDB /* SearchView.swift in Sources */ = {isa = PBXBuildFile; fileRef = 3053BE7C87BD9C151B730374 /* SearchView.swift */; };
		9C07D77964AD69422176D390 /* LikedView.swift in Sources */ = {isa = PBXBuildFile; fileRef = C7CD9166BA32297E2C16426C /* LikedView.swift */; };
		A0EC5B76925C1059F67B89E0 /* VerbumWidgetExtension.appex in Embed Foundation Extensions */ = {isa = PBXBuildFile; fileRef = 3E852055DFAE15E4F9712719 /* VerbumWidgetExtension.appex */; settings = {ATTRIBUTES = (RemoveHeadersOnCopy, ); }; };
		A2D6502521FF557E366F1EEE /* SoundManager.swift in Sources */ = {isa = PBXBuildFile; fileRef = 1B6DEE253BAE83C18158646A /* SoundManager.swift */; };
		A55E3759F27DA11CCA839DE7 /* words_v2.db-wal in Resources */ = {isa = PBXBuildFile; fileRef = F5ECCE11B667DEFBC02108E9 /* words_v2.db-wal */; };
		A62629D678157BD464C84EA0 /* WordOfDayEntryView.swift in Sources */ = {isa = PBXBuildFile; fileRef = 6162D35C4679049EC2E53A37 /* WordOfDayEntryView.swift */; };
		A8F6F4E86EDFD68962B9D751 /* ProfileView.swift in Sources */ = {isa = PBXBuildFile; fileRef = B0A60EE41CA03C91B64D6107 /* ProfileView.swift */; };
		B0CC5FC274154F9F7F31DAC5 /* FSRSTests.swift in Sources */ = {isa = PBXBuildFile; fileRef = EAE5C8FB3E44D1DEB2BB3CBF /* FSRSTests.swift */; };
		B0F7E3D033A30F34FDF234AE /* LanguageManager.swift in Sources */ = {isa = PBXBuildFile; fileRef = 4A371834A2FF448E0B35FC50 /* LanguageManager.swift */; };
		B2B60BF1A7D0856710563679 /* SharedTimelinePublisher.swift in Sources */ = {isa = PBXBuildFile; fileRef = E8AE4107291D875D5092A74B /* SharedTimelinePublisher.swift */; };
		B33E6587464D1EEEF0AE1E32 /* CloudKitMergeTests.swift in Sources */ = {isa = PBXBuildFile; fileRef = 6BFBB9BEBA3B91AE522BAFA8 /* CloudKitMergeTests.swift */; };
		B34C314DAD58876A5171C3C3 /* FavoritesView.swift in Sources */ = {isa = PBXBuildFile; fileRef = 38066EA4774B8AB41DA9D6CF /* FavoritesView.swift */; };
		B4F2A4302D6A0D6DFA5FD090 /* VerbumWidget.swift in Sources */ = {isa = PBXBuildFile; fileRef = 3B124CA958B5492B2AA44C00 /* VerbumWidget.swift */; };
		B806DA207D1DA018919C445A /* WordOfDayWidget.swift in Sources */ = {isa = PBXBuildFile; fileRef = 95D483A3E77F3AE18BAD146B /* WordOfDayWidget.swift */; };
		B8B564ACAD6501DAADD414FC /* WordStore.swift in Sources */ = {isa = PBXBuildFile; fileRef = E2748444E7D3D6A626DCCD28 /* WordStore.swift */; };
		BA17D3B8C8F4328C549244F6 /* PracticeMenuView.swift in Sources */ = {isa = PBXBuildFile; fileRef = 357806ACCB3D66F2867A3E80 /* PracticeMenuView.swift */; };
		BF9B0ABCB9D2A57E99E43A2B /* WordOfDayProvider.swift in Sources */ = {isa = PBXBuildFile; fileRef = 607522EE27B78887DD40B1E5 /* WordOfDayProvider.swift */; };
		C0D846C0FB617A42B06CB2DD /* PillButton.swift in Sources */ = {isa = PBXBuildFile; fileRef = 7E579B213FF7BFC07CA00913 /* PillButton.swift */; };
		C1ABEA8BB748FBA001BFB65B /* NotificationSettingsView.swift in Sources */ = {isa = PBXBuildFile; fileRef = 626B6BE3FF009B4C26107D5A /* NotificationSettingsView.swift */; };
		C2D154D2972BE298747DAEB7 /* UserProfile.swift in Sources */ = {isa = PBXBuildFile; fileRef = 6BF39C6A2496F507062F7F84 /* UserProfile.swift */; };
		C76EBA2112E804C4EDD78D04 /* LeaderboardView.swift in Sources */ = {isa = PBXBuildFile; fileRef = 7A07099C0B9D49EADC6F4E46 /* LeaderboardView.swift */; };
		CA3F72820D079F4A273DF81C /* SpeechService.swift in Sources */ = {isa = PBXBuildFile; fileRef = A7F09EE31DA00E08C4A28E84 /* SpeechService.swift */; };
		CB4E02452D7AF27A653779E5 /* WordShareSheet.swift in Sources */ = {isa = PBXBuildFile; fileRef = 07924EA2E5FE7E90339327FB /* WordShareSheet.swift */; };
		D35923D0663FCF28916789B7 /* Spacing.swift in Sources */ = {isa = PBXBuildFile; fileRef = 407BFE1DC6BC631FE00C1392 /* Spacing.swift */; };
		D99DF00AD34314C39C5DA71E /* words_v2.db-shm in Resources */ = {isa = PBXBuildFile; fileRef = 80DDA9C91D590420692C93F7 /* words_v2.db-shm */; };
		DA4428337D5EA213220B76EA /* DatabaseDownloadManager.swift in Sources */ = {isa = PBXBuildFile; fileRef = B076C6BB7303D36882CE3CD5 /* DatabaseDownloadManager.swift */; };
		DB72D941E4E59C2AD805868D /* AuthService.swift in Sources */ = {isa = PBXBuildFile; fileRef = F2D34E9CAB7C4607D1B004F0 /* AuthService.swift */; };
		DBAE558F86BDFD6B66CF22F7 /* GuessWordView.swift in Sources */ = {isa = PBXBuildFile; fileRef = 6DFFC1788A87089728F16A36 /* GuessWordView.swift */; };
		DBF873E677CDEFF6370C676E /* QuizViewModel.swift in Sources */ = {isa = PBXBuildFile; fileRef = A00F070C603FE504217EDA4A /* QuizViewModel.swift */; };
		DD9EE0D1A601D7F6A5EBC12A /* QuizView.swift in Sources */ = {isa = PBXBuildFile; fileRef = 2968154FE6B16D65BCB011D1 /* QuizView.swift */; };
		DF570E4382C8A29F9CE425C4 /* SharedWordStore.swift in Sources */ = {isa = PBXBuildFile; fileRef = F54F3C9C0C79FB6FBD656637 /* SharedWordStore.swift */; };
		DFAF38158805A595D167D0D7 /* PremiumSheet.swift in Sources */ = {isa = PBXBuildFile; fileRef = B40971FC207D1701A44859D9 /* PremiumSheet.swift */; };
		E500B0A59C7D229DB2AADF9C /* TranslationStore.swift in Sources */ = {isa = PBXBuildFile; fileRef = AC25FD89F7F2004B76095CA6 /* TranslationStore.swift */; };
		E634F2266613A3AD00BC31D0 /* WordDetailView.swift in Sources */ = {isa = PBXBuildFile; fileRef = 4940C88040FD8E5FC518EE9F /* WordDetailView.swift */; };
		EABF0BC49A27AE92CB054590 /* WordRepository.swift in Sources */ = {isa = PBXBuildFile; fileRef = BA8E9091A467ADE090DC3610 /* WordRepository.swift */; };
		EE685211A5C75DBB3B17ADFE /* HapticManager.swift in Sources */ = {isa = PBXBuildFile; fileRef = 0506F780D4C3F3F5705BCD8C /* HapticManager.swift */; };
		F6CCA03B30F7FC4520024616 /* WordFeedViewModel.swift in Sources */ = {isa = PBXBuildFile; fileRef = 87620CA6EA78E01907CAC03C /* WordFeedViewModel.swift */; };
		F9BFA19E4D92D4D6E2DE0353 /* ShareableWordCard.swift in Sources */ = {isa = PBXBuildFile; fileRef = 349FA54CAF1AA6E7342E4A47 /* ShareableWordCard.swift */; };
		FE857A95DBBEB2F01477E23F /* VerbumWidgetBundle.swift in Sources */ = {isa = PBXBuildFile; fileRef = D879351F2CFDD2536C1EBFF0 /* VerbumWidgetBundle.swift */; };
		FF8413B877176170454BA142 /* FillGapView.swift in Sources */ = {isa = PBXBuildFile; fileRef = F9771B8BC82C082859F3C175 /* FillGapView.swift */; };
/* End PBXBuildFile section */

/* Begin PBXContainerItemProxy section */
		8CE3C8B0A5C334908F72476F /* PBXContainerItemProxy */ = {
			isa = PBXContainerItemProxy;
			containerPortal = 40DBA824FA9D1DF3B3B10DA7 /* Project object */;
			proxyType = 1;
			remoteGlobalIDString = D2002E6BF18631A010AE57A0;
			remoteInfo = VerbumWidgetExtension;
		};
		EC984B028032396C98609082 /* PBXContainerItemProxy */ = {
			isa = PBXContainerItemProxy;
			containerPortal = 40DBA824FA9D1DF3B3B10DA7 /* Project object */;
			proxyType = 1;
			remoteGlobalIDString = BB43FC632639A9698064B413;
			remoteInfo = Verbum;
		};
/* End PBXContainerItemProxy section */

/* Begin PBXCopyFilesBuildPhase section */
		2709A3B218086B1768A9C988 /* Embed Foundation Extensions */ = {
			isa = PBXCopyFilesBuildPhase;
			buildActionMask = 2147483647;
			dstPath = "";
			dstSubfolderSpec = 13;
			files = (
				A0EC5B76925C1059F67B89E0 /* VerbumWidgetExtension.appex in Embed Foundation Extensions */,
			);
			name = "Embed Foundation Extensions";
			runOnlyForDeploymentPostprocessing = 0;
		};
/* End PBXCopyFilesBuildPhase section */

/* Begin PBXFileReference section */
		0506F780D4C3F3F5705BCD8C /* HapticManager.swift */ = {isa = PBXFileReference; lastKnownFileType = sourcecode.swift; path = HapticManager.swift; sourceTree = "<group>"; };
		05F3824B4FCFF9A94E3B6FF3 /* AppCoordinator.swift */ = {isa = PBXFileReference; lastKnownFileType = sourcecode.swift; path = AppCoordinator.swift; sourceTree = "<group>"; };
		07924EA2E5FE7E90339327FB /* WordShareSheet.swift */ = {isa = PBXFileReference; lastKnownFileType = sourcecode.swift; path = WordShareSheet.swift; sourceTree = "<group>"; };
		0A89258AF193132750B6539E /* WordAccessTests.swift */ = {isa = PBXFileReference; lastKnownFileType = sourcecode.swift; path = WordAccessTests.swift; sourceTree = "<group>"; };
		0D8B7721046486BB75B8E066 /* Info.plist */ = {isa = PBXFileReference; lastKnownFileType = text.plist; path = Info.plist; sourceTree = "<group>"; };
		1A702C3CDDC0F977DBCCF854 /* FSRS.swift */ = {isa = PBXFileReference; lastKnownFileType = sourcecode.swift; path = FSRS.swift; sourceTree = "<group>"; };
		1B6DEE253BAE83C18158646A /* SoundManager.swift */ = {isa = PBXFileReference; lastKnownFileType = sourcecode.swift; path = SoundManager.swift; sourceTree = "<group>"; };
		1BE3D27E0CD5A912513A4B2D /* ProfileSetupViews.swift */ = {isa = PBXFileReference; lastKnownFileType = sourcecode.swift; path = ProfileSetupViews.swift; sourceTree = "<group>"; };
		20A4CC1EEAE1531CA32DC551 /* SharedWordStore.swift */ = {isa = PBXFileReference; lastKnownFileType = sourcecode.swift; path = SharedWordStore.swift; sourceTree = "<group>"; };
		22CF08B79256CCCF0F41560C /* SynonymsView.swift */ = {isa = PBXFileReference; lastKnownFileType = sourcecode.swift; path = SynonymsView.swift; sourceTree = "<group>"; };
		2968154FE6B16D65BCB011D1 /* QuizView.swift */ = {isa = PBXFileReference; lastKnownFileType = sourcecode.swift; path = QuizView.swift; sourceTree = "<group>"; };
		3053BE7C87BD9C151B730374 /* SearchView.swift */ = {isa = PBXFileReference; lastKnownFileType = sourcecode.swift; path = SearchView.swift; sourceTree = "<group>"; };
		316AFDD1DDBC8F61E0F3E75E /* Verbum.storekit */ = {isa = PBXFileReference; path = Verbum.storekit; sourceTree = "<group>"; };
		349FA54CAF1AA6E7342E4A47 /* ShareableWordCard.swift */ = {isa = PBXFileReference; lastKnownFileType = sourcecode.swift; path = ShareableWordCard.swift; sourceTree = "<group>"; };
		357806ACCB3D66F2867A3E80 /* PracticeMenuView.swift */ = {isa = PBXFileReference; lastKnownFileType = sourcecode.swift; path = PracticeMenuView.swift; sourceTree = "<group>"; };
		38066EA4774B8AB41DA9D6CF /* FavoritesView.swift */ = {isa = PBXFileReference; lastKnownFileType = sourcecode.swift; path = FavoritesView.swift; sourceTree = "<group>"; };
		3A0D8D8BF95F826798C83F6C /* SubscriptionManager.swift */ = {isa = PBXFileReference; lastKnownFileType = sourcecode.swift; path = SubscriptionManager.swift; sourceTree = "<group>"; };
		3A94394A4ED7AC0100475478 /* AppInfo.swift */ = {isa = PBXFileReference; lastKnownFileType = sourcecode.swift; path = AppInfo.swift; sourceTree = "<group>"; };
		3B124CA958B5492B2AA44C00 /* VerbumWidget.swift */ = {isa = PBXFileReference; lastKnownFileType = sourcecode.swift; path = VerbumWidget.swift; sourceTree = "<group>"; };
		3C46B7674D3561FCD9ADE63D /* uk */ = {isa = PBXFileReference; lastKnownFileType = text.plist.strings; name = uk; path = uk.lproj/Localizable.strings; sourceTree = "<group>"; };
		3E6491D5127E47854DC497F5 /* ChallengeView.swift */ = {isa = PBXFileReference; lastKnownFileType = sourcecode.swift; path = ChallengeView.swift; sourceTree = "<group>"; };
		3E852055DFAE15E4F9712719 /* VerbumWidgetExtension.appex */ = {isa = PBXFileReference; includeInIndex = 0; lastKnownFileType = "wrapper.app-extension"; path = VerbumWidgetExtension.appex; sourceTree = BUILT_PRODUCTS_DIR; };
		405F392D2DD54DAC3CADF013 /* WordDetailViewModel.swift */ = {isa = PBXFileReference; lastKnownFileType = sourcecode.swift; path = WordDetailViewModel.swift; sourceTree = "<group>"; };
		407BFE1DC6BC631FE00C1392 /* Spacing.swift */ = {isa = PBXFileReference; lastKnownFileType = sourcecode.swift; path = Spacing.swift; sourceTree = "<group>"; };
		4365E89823DC62143EFAB7BC /* DecksView.swift */ = {isa = PBXFileReference; lastKnownFileType = sourcecode.swift; path = DecksView.swift; sourceTree = "<group>"; };
		4940C88040FD8E5FC518EE9F /* WordDetailView.swift */ = {isa = PBXFileReference; lastKnownFileType = sourcecode.swift; path = WordDetailView.swift; sourceTree = "<group>"; };
		4A371834A2FF448E0B35FC50 /* LanguageManager.swift */ = {isa = PBXFileReference; lastKnownFileType = sourcecode.swift; path = LanguageManager.swift; sourceTree = "<group>"; };
		551CA09F41CBB9A77AA52313 /* translations.json */ = {isa = PBXFileReference; lastKnownFileType = text.json; path = translations.json; sourceTree = "<group>"; };
		58662E08BA73B725EB7F57A5 /* Logger+Verbum.swift */ = {isa = PBXFileReference; lastKnownFileType = sourcecode.swift; path = "Logger+Verbum.swift"; sourceTree = "<group>"; };
		607522EE27B78887DD40B1E5 /* WordOfDayProvider.swift */ = {isa = PBXFileReference; lastKnownFileType = sourcecode.swift; path = WordOfDayProvider.swift; sourceTree = "<group>"; };
		6158CF6C10EA678F83FA3870 /* de */ = {isa = PBXFileReference; lastKnownFileType = text.plist.strings; name = de; path = de.lproj/Localizable.strings; sourceTree = "<group>"; };
		6162D35C4679049EC2E53A37 /* WordOfDayEntryView.swift */ = {isa = PBXFileReference; lastKnownFileType = sourcecode.swift; path = WordOfDayEntryView.swift; sourceTree = "<group>"; };
		626B6BE3FF009B4C26107D5A /* NotificationSettingsView.swift */ = {isa = PBXFileReference; lastKnownFileType = sourcecode.swift; path = NotificationSettingsView.swift; sourceTree = "<group>"; };
		668CE3026DC6F136C89050F6 /* Colors.swift */ = {isa = PBXFileReference; lastKnownFileType = sourcecode.swift; path = Colors.swift; sourceTree = "<group>"; };
		693E65753117638048641719 /* NotificationsSetupView.swift */ = {isa = PBXFileReference; lastKnownFileType = sourcecode.swift; path = NotificationsSetupView.swift; sourceTree = "<group>"; };
		6ADB3CA22DE2D334C62EE81F /* RadioOptionRow.swift */ = {isa = PBXFileReference; lastKnownFileType = sourcecode.swift; path = RadioOptionRow.swift; sourceTree = "<group>"; };
		6BF39C6A2496F507062F7F84 /* UserProfile.swift */ = {isa = PBXFileReference; lastKnownFileType = sourcecode.swift; path = UserProfile.swift; sourceTree = "<group>"; };
		6BFBB9BEBA3B91AE522BAFA8 /* CloudKitMergeTests.swift */ = {isa = PBXFileReference; lastKnownFileType = sourcecode.swift; path = CloudKitMergeTests.swift; sourceTree = "<group>"; };
		6DFFC1788A87089728F16A36 /* GuessWordView.swift */ = {isa = PBXFileReference; lastKnownFileType = sourcecode.swift; path = GuessWordView.swift; sourceTree = "<group>"; };
		6EC13E4500753104AE3E6E0C /* VerbumTests.xctest */ = {isa = PBXFileReference; includeInIndex = 0; lastKnownFileType = wrapper.cfbundle; path = VerbumTests.xctest; sourceTree = BUILT_PRODUCTS_DIR; };
		7065EA90832D7B55B091ECF2 /* words.json */ = {isa = PBXFileReference; lastKnownFileType = text.json; path = words.json; sourceTree = "<group>"; };
		74131837D5B93D5692FB2461 /* PrivacyInfo.xcprivacy */ = {isa = PBXFileReference; path = PrivacyInfo.xcprivacy; sourceTree = "<group>"; };
		742443643794F04CF16B025C /* CommitmentView.swift */ = {isa = PBXFileReference; lastKnownFileType = sourcecode.swift; path = CommitmentView.swift; sourceTree = "<group>"; };
		7A07099C0B9D49EADC6F4E46 /* LeaderboardView.swift */ = {isa = PBXFileReference; lastKnownFileType = sourcecode.swift; path = LeaderboardView.swift; sourceTree = "<group>"; };
		7E579B213FF7BFC07CA00913 /* PillButton.swift */ = {isa = PBXFileReference; lastKnownFileType = sourcecode.swift; path = PillButton.swift; sourceTree = "<group>"; };
		7EF4A5A7958B8B59F1F6A34F /* SpotlightIndexer.swift */ = {isa = PBXFileReference; lastKnownFileType = sourcecode.swift; path = SpotlightIndexer.swift; sourceTree = "<group>"; };
		80DDA9C91D590420692C93F7 /* words_v2.db-shm */ = {isa = PBXFileReference; path = "words_v2.db-shm"; sourceTree = "<group>"; };
		837A7A327A614F779F75B887 /* OnboardingFlow.swift */ = {isa = PBXFileReference; lastKnownFileType = sourcecode.swift; path = OnboardingFlow.swift; sourceTree = "<group>"; };
		87548990CA3B40003EB7EBCC /* Info.plist */ = {isa = PBXFileReference; lastKnownFileType = text.plist; path = Info.plist; sourceTree = "<group>"; };
		87620CA6EA78E01907CAC03C /* WordFeedViewModel.swift */ = {isa = PBXFileReference; lastKnownFileType = sourcecode.swift; path = WordFeedViewModel.swift; sourceTree = "<group>"; };
		87DE072F4CCDB4928A7EA0CB /* CategoryWordListView.swift */ = {isa = PBXFileReference; lastKnownFileType = sourcecode.swift; path = CategoryWordListView.swift; sourceTree = "<group>"; };
		8FCA2BBCF7427AC019012D6D /* WordAccess.swift */ = {isa = PBXFileReference; lastKnownFileType = sourcecode.swift; path = WordAccess.swift; sourceTree = "<group>"; };
		9043274A62A43B65329A2950 /* CloudKitSyncManager.swift */ = {isa = PBXFileReference; lastKnownFileType = sourcecode.swift; path = CloudKitSyncManager.swift; sourceTree = "<group>"; };
		95D483A3E77F3AE18BAD146B /* WordOfDayWidget.swift */ = {isa = PBXFileReference; lastKnownFileType = sourcecode.swift; path = WordOfDayWidget.swift; sourceTree = "<group>"; };
		9BFF885EECBBFF36393A0207 /* ProgressBar.swift */ = {isa = PBXFileReference; lastKnownFileType = sourcecode.swift; path = ProgressBar.swift; sourceTree = "<group>"; };
		A00F070C603FE504217EDA4A /* QuizViewModel.swift */ = {isa = PBXFileReference; lastKnownFileType = sourcecode.swift; path = QuizViewModel.swift; sourceTree = "<group>"; };
		A5C20A9DD30AFD69BB3317B6 /* KeychainHelper.swift */ = {isa = PBXFileReference; lastKnownFileType = sourcecode.swift; path = KeychainHelper.swift; sourceTree = "<group>"; };
		A7A6F4CA549591F2E9777C3B /* VerbumWidget.entitlements */ = {isa = PBXFileReference; lastKnownFileType = text.plist.entitlements; path = VerbumWidget.entitlements; sourceTree = "<group>"; };
		A7F09EE31DA00E08C4A28E84 /* SpeechService.swift */ = {isa = PBXFileReference; lastKnownFileType = sourcecode.swift; path = SpeechService.swift; sourceTree = "<group>"; };
		A9BA119E24D505711D1EF90B /* InsufficientWordsView.swift */ = {isa = PBXFileReference; lastKnownFileType = sourcecode.swift; path = InsufficientWordsView.swift; sourceTree = "<group>"; };
		AB2B1865D6486015904758FA /* DatabaseStatusBanner.swift */ = {isa = PBXFileReference; lastKnownFileType = sourcecode.swift; path = DatabaseStatusBanner.swift; sourceTree = "<group>"; };
		AC25FD89F7F2004B76095CA6 /* TranslationStore.swift */ = {isa = PBXFileReference; lastKnownFileType = sourcecode.swift; path = TranslationStore.swift; sourceTree = "<group>"; };
		B076C6BB7303D36882CE3CD5 /* DatabaseDownloadManager.swift */ = {isa = PBXFileReference; lastKnownFileType = sourcecode.swift; path = DatabaseDownloadManager.swift; sourceTree = "<group>"; };
		B0A60EE41CA03C91B64D6107 /* ProfileView.swift */ = {isa = PBXFileReference; lastKnownFileType = sourcecode.swift; path = ProfileView.swift; sourceTree = "<group>"; };
		B0AB903A5468A0F05B222D8F /* LevelTestViewModel.swift */ = {isa = PBXFileReference; lastKnownFileType = sourcecode.swift; path = LevelTestViewModel.swift; sourceTree = "<group>"; };
		B2D8A0187A66B0FDD2F98DF7 /* LevelTestView.swift */ = {isa = PBXFileReference; lastKnownFileType = sourcecode.swift; path = LevelTestView.swift; sourceTree = "<group>"; };
		B30774A2D9419603F01BD410 /* BatchQuizView.swift */ = {isa = PBXFileReference; lastKnownFileType = sourcecode.swift; path = BatchQuizView.swift; sourceTree = "<group>"; };
		B40971FC207D1701A44859D9 /* PremiumSheet.swift */ = {isa = PBXFileReference; lastKnownFileType = sourcecode.swift; path = PremiumSheet.swift; sourceTree = "<group>"; };
		B7D72F92771EB30EBB1959B1 /* GameCenterService.swift */ = {isa = PBXFileReference; lastKnownFileType = sourcecode.swift; path = GameCenterService.swift; sourceTree = "<group>"; };
		B9B96A9B8319C8AE14CFB5C7 /* StatsView.swift */ = {isa = PBXFileReference; lastKnownFileType = sourcecode.swift; path = StatsView.swift; sourceTree = "<group>"; };
		BA8E9091A467ADE090DC3610 /* WordRepository.swift */ = {isa = PBXFileReference; lastKnownFileType = sourcecode.swift; path = WordRepository.swift; sourceTree = "<group>"; };
		BDB995E5C7ACF204C7AF058B /* en */ = {isa = PBXFileReference; lastKnownFileType = text.plist.strings; name = en; path = en.lproj/Localizable.strings; sourceTree = "<group>"; };
		C21B3590E4FD7FF17ACFAA57 /* Verbum.app */ = {isa = PBXFileReference; includeInIndex = 0; lastKnownFileType = wrapper.application; path = Verbum.app; sourceTree = BUILT_PRODUCTS_DIR; };
		C28C193C7BC73D85820163A1 /* WordFeedView.swift */ = {isa = PBXFileReference; lastKnownFileType = sourcecode.swift; path = WordFeedView.swift; sourceTree = "<group>"; };
		C7CD9166BA32297E2C16426C /* LikedView.swift */ = {isa = PBXFileReference; lastKnownFileType = sourcecode.swift; path = LikedView.swift; sourceTree = "<group>"; };
		C8BE0AC736303A807180D482 /* VerbumApp.swift */ = {isa = PBXFileReference; lastKnownFileType = sourcecode.swift; path = VerbumApp.swift; sourceTree = "<group>"; };
		CC3FA109C5CBF3483AE956A1 /* NotificationManager.swift */ = {isa = PBXFileReference; lastKnownFileType = sourcecode.swift; path = NotificationManager.swift; sourceTree = "<group>"; };
		D1B2F39F12BBD577ADC37AC9 /* SettingsView.swift */ = {isa = PBXFileReference; lastKnownFileType = sourcecode.swift; path = SettingsView.swift; sourceTree = "<group>"; };
		D879351F2CFDD2536C1EBFF0 /* VerbumWidgetBundle.swift */ = {isa = PBXFileReference; lastKnownFileType = sourcecode.swift; path = VerbumWidgetBundle.swift; sourceTree = "<group>"; };
		D998E15B1BDA53EAD060209F /* CategoriesView.swift */ = {isa = PBXFileReference; lastKnownFileType = sourcecode.swift; path = CategoriesView.swift; sourceTree = "<group>"; };
		E2748444E7D3D6A626DCCD28 /* WordStore.swift */ = {isa = PBXFileReference; lastKnownFileType = sourcecode.swift; path = WordStore.swift; sourceTree = "<group>"; };
		E5189B465BCE9B4F0634218B /* Assets.xcassets */ = {isa = PBXFileReference; lastKnownFileType = folder.assetcatalog; path = Assets.xcassets; sourceTree = "<group>"; };
		E77E8835D95DB845DF4A1B83 /* WordListView.swift */ = {isa = PBXFileReference; lastKnownFileType = sourcecode.swift; path = WordListView.swift; sourceTree = "<group>"; };
		E8AE4107291D875D5092A74B /* SharedTimelinePublisher.swift */ = {isa = PBXFileReference; lastKnownFileType = sourcecode.swift; path = SharedTimelinePublisher.swift; sourceTree = "<group>"; };
		E91F595CD7ECE71866F10ABD /* Verbum.entitlements */ = {isa = PBXFileReference; lastKnownFileType = text.plist.entitlements; path = Verbum.entitlements; sourceTree = "<group>"; };
		EACC7F5F28B7CA69B1A0BDFD /* Badge.swift */ = {isa = PBXFileReference; lastKnownFileType = sourcecode.swift; path = Badge.swift; sourceTree = "<group>"; };
		EAE5C8FB3E44D1DEB2BB3CBF /* FSRSTests.swift */ = {isa = PBXFileReference; lastKnownFileType = sourcecode.swift; path = FSRSTests.swift; sourceTree = "<group>"; };
		EEBBDCED3924638D2D69CDCC /* ConfettiView.swift */ = {isa = PBXFileReference; lastKnownFileType = sourcecode.swift; path = ConfettiView.swift; sourceTree = "<group>"; };
		EECE110E8ADA8FA5F54C7A95 /* words_v2.db */ = {isa = PBXFileReference; path = words_v2.db; sourceTree = "<group>"; };
		EFCA694741309C6D900CD665 /* WelcomeView.swift */ = {isa = PBXFileReference; lastKnownFileType = sourcecode.swift; path = WelcomeView.swift; sourceTree = "<group>"; };
		F2D34E9CAB7C4607D1B004F0 /* AuthService.swift */ = {isa = PBXFileReference; lastKnownFileType = sourcecode.swift; path = AuthService.swift; sourceTree = "<group>"; };
		F54F3C9C0C79FB6FBD656637 /* SharedWordStore.swift */ = {isa = PBXFileReference; lastKnownFileType = sourcecode.swift; path = SharedWordStore.swift; sourceTree = "<group>"; };
		F5ECCE11B667DEFBC02108E9 /* words_v2.db-wal */ = {isa = PBXFileReference; path = "words_v2.db-wal"; sourceTree = "<group>"; };
		F9771B8BC82C082859F3C175 /* FillGapView.swift */ = {isa = PBXFileReference; lastKnownFileType = sourcecode.swift; path = FillGapView.swift; sourceTree = "<group>"; };
		FCF54206A121475D1DB43775 /* Word.swift */ = {isa = PBXFileReference; lastKnownFileType = sourcecode.swift; path = Word.swift; sourceTree = "<group>"; };
		FD4DC7155AFE3B84443544BC /* PrivacyInfo.xcprivacy */ = {isa = PBXFileReference; path = PrivacyInfo.xcprivacy; sourceTree = "<group>"; };
		FD61BA2BD6F7F8B9F65F7809 /* WordDatabase.swift */ = {isa = PBXFileReference; lastKnownFileType = sourcecode.swift; path = WordDatabase.swift; sourceTree = "<group>"; };
		FEE77BC5E1F3C579B4403031 /* HistoryView.swift */ = {isa = PBXFileReference; lastKnownFileType = sourcecode.swift; path = HistoryView.swift; sourceTree = "<group>"; };
		FF790BB6AB4C75379219B4AC /* Typography.swift */ = {isa = PBXFileReference; lastKnownFileType = sourcecode.swift; path = Typography.swift; sourceTree = "<group>"; };
/* End PBXFileReference section */

/* Begin PBXFrameworksBuildPhase section */
		FADFBD71523E891878687FA6 /* Frameworks */ = {
			isa = PBXFrameworksBuildPhase;
			buildActionMask = 2147483647;
			files = (
				3B36F4C2BFF0624DD1C89DF7 /* GRDB in Frameworks */,
			);
			runOnlyForDeploymentPostprocessing = 0;
		};
/* End PBXFrameworksBuildPhase section */

/* Begin PBXGroup section */
		2051B1995995727EA60FADC7 /* WordDetail */ = {
			isa = PBXGroup;
			children = (
				4940C88040FD8E5FC518EE9F /* WordDetailView.swift */,
				405F392D2DD54DAC3CADF013 /* WordDetailViewModel.swift */,
			);
			path = WordDetail;
			sourceTree = "<group>";
		};
		2C23C9E482462D5AC7C9DE39 /* Products */ = {
			isa = PBXGroup;
			children = (
				C21B3590E4FD7FF17ACFAA57 /* Verbum.app */,
				6EC13E4500753104AE3E6E0C /* VerbumTests.xctest */,
				3E852055DFAE15E4F9712719 /* VerbumWidgetExtension.appex */,
			);
			name = Products;
			sourceTree = "<group>";
		};
		3683F68C7753E78046E0E520 /* Leaderboard */ = {
			isa = PBXGroup;
			children = (
				7A07099C0B9D49EADC6F4E46 /* LeaderboardView.swift */,
			);
			path = Leaderboard;
			sourceTree = "<group>";
		};
		39050C59D919444766CBEEB7 /* Stats */ = {
			isa = PBXGroup;
			children = (
				B9B96A9B8319C8AE14CFB5C7 /* StatsView.swift */,
			);
			path = Stats;
			sourceTree = "<group>";
		};
		47D73899F0875BEF171CC980 /* Onboarding */ = {
			isa = PBXGroup;
			children = (
				742443643794F04CF16B025C /* CommitmentView.swift */,
				693E65753117638048641719 /* NotificationsSetupView.swift */,
				837A7A327A614F779F75B887 /* OnboardingFlow.swift */,
				1BE3D27E0CD5A912513A4B2D /* ProfileSetupViews.swift */,
				EFCA694741309C6D900CD665 /* WelcomeView.swift */,
			);
			path = Onboarding;
			sourceTree = "<group>";
		};
		4D1145FF47374DCB64B6B337 /* Models */ = {
			isa = PBXGroup;
			children = (
				EACC7F5F28B7CA69B1A0BDFD /* Badge.swift */,
				6BF39C6A2496F507062F7F84 /* UserProfile.swift */,
				FCF54206A121475D1DB43775 /* Word.swift */,
			);
			path = Models;
			sourceTree = "<group>";
		};
		5CED0C16C7232577A5E34EA3 /* Components */ = {
			isa = PBXGroup;
			children = (
				EEBBDCED3924638D2D69CDCC /* ConfettiView.swift */,
				AB2B1865D6486015904758FA /* DatabaseStatusBanner.swift */,
				0506F780D4C3F3F5705BCD8C /* HapticManager.swift */,
				4A371834A2FF448E0B35FC50 /* LanguageManager.swift */,
				58662E08BA73B725EB7F57A5 /* Logger+Verbum.swift */,
				CC3FA109C5CBF3483AE956A1 /* NotificationManager.swift */,
				7E579B213FF7BFC07CA00913 /* PillButton.swift */,
				9BFF885EECBBFF36393A0207 /* ProgressBar.swift */,
				6ADB3CA22DE2D334C62EE81F /* RadioOptionRow.swift */,
				1B6DEE253BAE83C18158646A /* SoundManager.swift */,
				A7F09EE31DA00E08C4A28E84 /* SpeechService.swift */,
			);
			path = Components;
			sourceTree = "<group>";
		};
		66AE1E098D2522C453804C9D /* WordFeed */ = {
			isa = PBXGroup;
			children = (
				3053BE7C87BD9C151B730374 /* SearchView.swift */,
				C28C193C7BC73D85820163A1 /* WordFeedView.swift */,
				87620CA6EA78E01907CAC03C /* WordFeedViewModel.swift */,
			);
			path = WordFeed;
			sourceTree = "<group>";
		};
		6AD9078077C2ECF8F7E17DA4 /* Verbum */ = {
			isa = PBXGroup;
			children = (
				FD4DC7155AFE3B84443544BC /* PrivacyInfo.xcprivacy */,
				E91F595CD7ECE71866F10ABD /* Verbum.entitlements */,
				316AFDD1DDBC8F61E0F3E75E /* Verbum.storekit */,
				D049E98968922F069DFE2A05 /* App */,
				7781A4F8E20ADB70F3041F6C /* Core */,
				D7AB88C02B7423232649B8AF /* Features */,
				8BE145A898188B73444CE9AB /* Resources */,
			);
			path = Verbum;
			sourceTree = "<group>";
		};
		7781A4F8E20ADB70F3041F6C /* Core */ = {
			isa = PBXGroup;
			children = (
				3A94394A4ED7AC0100475478 /* AppInfo.swift */,
				5CED0C16C7232577A5E34EA3 /* Components */,
				C87133722F1D695FF2BDFDE0 /* Data */,
				4D1145FF47374DCB64B6B337 /* Models */,
				A80019CBEFDE89AF7DB29EF0 /* Theme */,
			);
			path = Core;
			sourceTree = "<group>";
		};
		7C7FB6E41802C5F3524D7DEF = {
			isa = PBXGroup;
			children = (
				6AD9078077C2ECF8F7E17DA4 /* Verbum */,
				9145E8954293FA182C468F29 /* VerbumTests */,
				D5088D1E77AE4A06A23D3156 /* VerbumWidget */,
				2C23C9E482462D5AC7C9DE39 /* Products */,
			);
			sourceTree = "<group>";
		};
		8BE145A898188B73444CE9AB /* Resources */ = {
			isa = PBXGroup;
			children = (
				E5189B465BCE9B4F0634218B /* Assets.xcassets */,
				0D8B7721046486BB75B8E066 /* Info.plist */,
				551CA09F41CBB9A77AA52313 /* translations.json */,
				EECE110E8ADA8FA5F54C7A95 /* words_v2.db */,
				80DDA9C91D590420692C93F7 /* words_v2.db-shm */,
				F5ECCE11B667DEFBC02108E9 /* words_v2.db-wal */,
				7065EA90832D7B55B091ECF2 /* words.json */,
				897722CFD692ACFC89C03E08 /* Localizable.strings */,
			);
			path = Resources;
			sourceTree = "<group>";
		};
		9145E8954293FA182C468F29 /* VerbumTests */ = {
			isa = PBXGroup;
			children = (
				6BFBB9BEBA3B91AE522BAFA8 /* CloudKitMergeTests.swift */,
				EAE5C8FB3E44D1DEB2BB3CBF /* FSRSTests.swift */,
				0A89258AF193132750B6539E /* WordAccessTests.swift */,
			);
			path = VerbumTests;
			sourceTree = "<group>";
		};
		A80019CBEFDE89AF7DB29EF0 /* Theme */ = {
			isa = PBXGroup;
			children = (
				668CE3026DC6F136C89050F6 /* Colors.swift */,
				407BFE1DC6BC631FE00C1392 /* Spacing.swift */,
				FF790BB6AB4C75379219B4AC /* Typography.swift */,
			);
			path = Theme;
			sourceTree = "<group>";
		};
		BE83D5A94ECC8001DECB4807 /* Quiz */ = {
			isa = PBXGroup;
			children = (
				B30774A2D9419603F01BD410 /* BatchQuizView.swift */,
			);
			path = Quiz;
			sourceTree = "<group>";
		};
		C87133722F1D695FF2BDFDE0 /* Data */ = {
			isa = PBXGroup;
			children = (
				F2D34E9CAB7C4607D1B004F0 /* AuthService.swift */,
				9043274A62A43B65329A2950 /* CloudKitSyncManager.swift */,
				B076C6BB7303D36882CE3CD5 /* DatabaseDownloadManager.swift */,
				1A702C3CDDC0F977DBCCF854 /* FSRS.swift */,
				B7D72F92771EB30EBB1959B1 /* GameCenterService.swift */,
				A5C20A9DD30AFD69BB3317B6 /* KeychainHelper.swift */,
				E8AE4107291D875D5092A74B /* SharedTimelinePublisher.swift */,
				F54F3C9C0C79FB6FBD656637 /* SharedWordStore.swift */,
				7EF4A5A7958B8B59F1F6A34F /* SpotlightIndexer.swift */,
				3A0D8D8BF95F826798C83F6C /* SubscriptionManager.swift */,
				AC25FD89F7F2004B76095CA6 /* TranslationStore.swift */,
				8FCA2BBCF7427AC019012D6D /* WordAccess.swift */,
				FD61BA2BD6F7F8B9F65F7809 /* WordDatabase.swift */,
				BA8E9091A467ADE090DC3610 /* WordRepository.swift */,
				E2748444E7D3D6A626DCCD28 /* WordStore.swift */,
			);
			path = Data;
			sourceTree = "<group>";
		};
		D049E98968922F069DFE2A05 /* App */ = {
			isa = PBXGroup;
			children = (
				05F3824B4FCFF9A94E3B6FF3 /* AppCoordinator.swift */,
				C8BE0AC736303A807180D482 /* VerbumApp.swift */,
			);
			path = App;
			sourceTree = "<group>";
		};
		D5088D1E77AE4A06A23D3156 /* VerbumWidget */ = {
			isa = PBXGroup;
			children = (
				87548990CA3B40003EB7EBCC /* Info.plist */,
				74131837D5B93D5692FB2461 /* PrivacyInfo.xcprivacy */,
				20A4CC1EEAE1531CA32DC551 /* SharedWordStore.swift */,
				A7A6F4CA549591F2E9777C3B /* VerbumWidget.entitlements */,
				3B124CA958B5492B2AA44C00 /* VerbumWidget.swift */,
				D879351F2CFDD2536C1EBFF0 /* VerbumWidgetBundle.swift */,
				6162D35C4679049EC2E53A37 /* WordOfDayEntryView.swift */,
				607522EE27B78887DD40B1E5 /* WordOfDayProvider.swift */,
				95D483A3E77F3AE18BAD146B /* WordOfDayWidget.swift */,
			);
			path = VerbumWidget;
			sourceTree = "<group>";
		};
		D7AB88C02B7423232649B8AF /* Features */ = {
			isa = PBXGroup;
			children = (
				D9FF4298AFE0C1FEB4F861CF /* Categories */,
				3683F68C7753E78046E0E520 /* Leaderboard */,
				47D73899F0875BEF171CC980 /* Onboarding */,
				FED6F90E5FCF8CF293534703 /* Practice */,
				E14499B24D82DDB52E004ABA /* Profile */,
				BE83D5A94ECC8001DECB4807 /* Quiz */,
				39050C59D919444766CBEEB7 /* Stats */,
				2051B1995995727EA60FADC7 /* WordDetail */,
				66AE1E098D2522C453804C9D /* WordFeed */,
				E4A562BA51095B127FE66E51 /* WordList */,
			);
			path = Features;
			sourceTree = "<group>";
		};
		D9FF4298AFE0C1FEB4F861CF /* Categories */ = {
			isa = PBXGroup;
			children = (
				D998E15B1BDA53EAD060209F /* CategoriesView.swift */,
				87DE072F4CCDB4928A7EA0CB /* CategoryWordListView.swift */,
			);
			path = Categories;
			sourceTree = "<group>";
		};
		E14499B24D82DDB52E004ABA /* Profile */ = {
			isa = PBXGroup;
			children = (
				4365E89823DC62143EFAB7BC /* DecksView.swift */,
				626B6BE3FF009B4C26107D5A /* NotificationSettingsView.swift */,
				B40971FC207D1701A44859D9 /* PremiumSheet.swift */,
				B0A60EE41CA03C91B64D6107 /* ProfileView.swift */,
				D1B2F39F12BBD577ADC37AC9 /* SettingsView.swift */,
			);
			path = Profile;
			sourceTree = "<group>";
		};
		E4A562BA51095B127FE66E51 /* WordList */ = {
			isa = PBXGroup;
			children = (
				38066EA4774B8AB41DA9D6CF /* FavoritesView.swift */,
				FEE77BC5E1F3C579B4403031 /* HistoryView.swift */,
				C7CD9166BA32297E2C16426C /* LikedView.swift */,
				349FA54CAF1AA6E7342E4A47 /* ShareableWordCard.swift */,
				E77E8835D95DB845DF4A1B83 /* WordListView.swift */,
				07924EA2E5FE7E90339327FB /* WordShareSheet.swift */,
			);
			path = WordList;
			sourceTree = "<group>";
		};
		FED6F90E5FCF8CF293534703 /* Practice */ = {
			isa = PBXGroup;
			children = (
				3E6491D5127E47854DC497F5 /* ChallengeView.swift */,
				F9771B8BC82C082859F3C175 /* FillGapView.swift */,
				6DFFC1788A87089728F16A36 /* GuessWordView.swift */,
				A9BA119E24D505711D1EF90B /* InsufficientWordsView.swift */,
				B2D8A0187A66B0FDD2F98DF7 /* LevelTestView.swift */,
				B0AB903A5468A0F05B222D8F /* LevelTestViewModel.swift */,
				357806ACCB3D66F2867A3E80 /* PracticeMenuView.swift */,
				2968154FE6B16D65BCB011D1 /* QuizView.swift */,
				A00F070C603FE504217EDA4A /* QuizViewModel.swift */,
				22CF08B79256CCCF0F41560C /* SynonymsView.swift */,
			);
			path = Practice;
			sourceTree = "<group>";
		};
/* End PBXGroup section */

/* Begin PBXNativeTarget section */
		8795B4431C20CB93D07704ED /* VerbumTests */ = {
			isa = PBXNativeTarget;
			buildConfigurationList = D1DF50D18BBCB81E55943B93 /* Build configuration list for PBXNativeTarget "VerbumTests" */;
			buildPhases = (
				73BF1F720953C8C1EA1964CC /* Sources */,
			);
			buildRules = (
			);
			dependencies = (
				5173E7E08D372379BAECBEF1 /* PBXTargetDependency */,
			);
			name = VerbumTests;
			packageProductDependencies = (
			);
			productName = VerbumTests;
			productReference = 6EC13E4500753104AE3E6E0C /* VerbumTests.xctest */;
			productType = "com.apple.product-type.bundle.unit-test";
		};
		BB43FC632639A9698064B413 /* Verbum */ = {
			isa = PBXNativeTarget;
			buildConfigurationList = CB7951C870A0D123D12603A8 /* Build configuration list for PBXNativeTarget "Verbum" */;
			buildPhases = (
				45F5B2EAD3BA38F49995E439 /* Sources */,
				DAA52573C1682DAFDA089E31 /* Resources */,
				FADFBD71523E891878687FA6 /* Frameworks */,
				2709A3B218086B1768A9C988 /* Embed Foundation Extensions */,
			);
			buildRules = (
			);
			dependencies = (
				B7634E8BC6D515618971146E /* PBXTargetDependency */,
			);
			name = Verbum;
			packageProductDependencies = (
				08855E15BC1D1540CB22C18F /* GRDB */,
			);
			productName = Verbum;
			productReference = C21B3590E4FD7FF17ACFAA57 /* Verbum.app */;
			productType = "com.apple.product-type.application";
		};
		D2002E6BF18631A010AE57A0 /* VerbumWidgetExtension */ = {
			isa = PBXNativeTarget;
			buildConfigurationList = 5F87C32927270E84F6CEA96F /* Build configuration list for PBXNativeTarget "VerbumWidgetExtension" */;
			buildPhases = (
				1991E37DA81AFF0C0524BFF2 /* Sources */,
				5455D004A7E3CD7D6CC3A537 /* Resources */,
			);
			buildRules = (
			);
			dependencies = (
			);
			name = VerbumWidgetExtension;
			packageProductDependencies = (
			);
			productName = VerbumWidgetExtension;
			productReference = 3E852055DFAE15E4F9712719 /* VerbumWidgetExtension.appex */;
			productType = "com.apple.product-type.app-extension";
		};
/* End PBXNativeTarget section */

/* Begin PBXProject section */
		40DBA824FA9D1DF3B3B10DA7 /* Project object */ = {
			isa = PBXProject;
			attributes = {
				BuildIndependentTargetsInParallel = YES;
				LastUpgradeCheck = 1500;
				TargetAttributes = {
					8795B4431C20CB93D07704ED = {
						DevelopmentTeam = "";
						ProvisioningStyle = Automatic;
					};
					BB43FC632639A9698064B413 = {
						DevelopmentTeam = "";
						ProvisioningStyle = Automatic;
					};
					D2002E6BF18631A010AE57A0 = {
						DevelopmentTeam = "";
						ProvisioningStyle = Automatic;
					};
				};
			};
			buildConfigurationList = 55A2B6BECCF4054C98B289F0 /* Build configuration list for PBXProject "Verbum" */;
			developmentRegion = en;
			hasScannedForEncodings = 0;
			knownRegions = (
				Base,
				de,
				en,
				uk,
			);
			mainGroup = 7C7FB6E41802C5F3524D7DEF;
			minimizedProjectReferenceProxies = 1;
			packageReferences = (
				D8392FCB33D222532FA184DD /* XCRemoteSwiftPackageReference "GRDB.swift" */,
			);
			preferredProjectObjectVersion = 77;
			productRefGroup = 2C23C9E482462D5AC7C9DE39 /* Products */;
			projectDirPath = "";
			projectRoot = "";
			targets = (
				BB43FC632639A9698064B413 /* Verbum */,
				8795B4431C20CB93D07704ED /* VerbumTests */,
				D2002E6BF18631A010AE57A0 /* VerbumWidgetExtension */,
			);
		};
/* End PBXProject section */

/* Begin PBXResourcesBuildPhase section */
		5455D004A7E3CD7D6CC3A537 /* Resources */ = {
			isa = PBXResourcesBuildPhase;
			buildActionMask = 2147483647;
			files = (
				143A669B556D1A55EA103214 /* PrivacyInfo.xcprivacy in Resources */,
			);
			runOnlyForDeploymentPostprocessing = 0;
		};
		DAA52573C1682DAFDA089E31 /* Resources */ = {
			isa = PBXResourcesBuildPhase;
			buildActionMask = 2147483647;
			files = (
				4DEB60027F2328402FD8D116 /* Assets.xcassets in Resources */,
				3D309F4778BCD76EA8525F37 /* Localizable.strings in Resources */,
				679B7435A65EE128E3BDFD9D /* PrivacyInfo.xcprivacy in Resources */,
				0215DEE999CC566D632C1BE2 /* Verbum.storekit in Resources */,
				3638E2784BCD24A1EC73A154 /* translations.json in Resources */,
				2FBE902D8E472DD311783D17 /* words.json in Resources */,
				31BC24E2659C816519EBB17A /* words_v2.db in Resources */,
				D99DF00AD34314C39C5DA71E /* words_v2.db-shm in Resources */,
				A55E3759F27DA11CCA839DE7 /* words_v2.db-wal in Resources */,
			);
			runOnlyForDeploymentPostprocessing = 0;
		};
/* End PBXResourcesBuildPhase section */

/* Begin PBXSourcesBuildPhase section */
		1991E37DA81AFF0C0524BFF2 /* Sources */ = {
			isa = PBXSourcesBuildPhase;
			buildActionMask = 2147483647;
			files = (
				0CF55C7C657B7F92E1DC5B4A /* SharedWordStore.swift in Sources */,
				B4F2A4302D6A0D6DFA5FD090 /* VerbumWidget.swift in Sources */,
				FE857A95DBBEB2F01477E23F /* VerbumWidgetBundle.swift in Sources */,
				A62629D678157BD464C84EA0 /* WordOfDayEntryView.swift in Sources */,
				BF9B0ABCB9D2A57E99E43A2B /* WordOfDayProvider.swift in Sources */,
				B806DA207D1DA018919C445A /* WordOfDayWidget.swift in Sources */,
			);
			runOnlyForDeploymentPostprocessing = 0;
		};
		45F5B2EAD3BA38F49995E439 /* Sources */ = {
			isa = PBXSourcesBuildPhase;
			buildActionMask = 2147483647;
			files = (
				869F5F5C647E47083B5A3C54 /* AppCoordinator.swift in Sources */,
				20C755AAB0A5499D838B467F /* AppInfo.swift in Sources */,
				DB72D941E4E59C2AD805868D /* AuthService.swift in Sources */,
				506F22E3AD9EDD8BF8C0D97B /* Badge.swift in Sources */,
				963AE7507F748C374F47FB23 /* BatchQuizView.swift in Sources */,
				4FC414CC91A918A25DF49891 /* CategoriesView.swift in Sources */,
				7D78B2E6B4464A9FEBD34AE1 /* CategoryWordListView.swift in Sources */,
				133E064D4F1227A2C6394B89 /* ChallengeView.swift in Sources */,
				4197BE7D6A97E97B4E1D3B1A /* CloudKitSyncManager.swift in Sources */,
				6152418B92E9EEDF172F600A /* Colors.swift in Sources */,
				0032134F1AECB6913F2BF734 /* CommitmentView.swift in Sources */,
				07428379FB74A3E81541F286 /* ConfettiView.swift in Sources */,
				DA4428337D5EA213220B76EA /* DatabaseDownloadManager.swift in Sources */,
				9B7B30E93778BDA7A8B477D2 /* DatabaseStatusBanner.swift in Sources */,
				7E38CD4971762EB3D35950F4 /* DecksView.swift in Sources */,
				3956E00B7EA24231E5ADC4B3 /* FSRS.swift in Sources */,
				B34C314DAD58876A5171C3C3 /* FavoritesView.swift in Sources */,
				FF8413B877176170454BA142 /* FillGapView.swift in Sources */,
				84DCDD65EF37FADA116BBCE8 /* GameCenterService.swift in Sources */,
				DBAE558F86BDFD6B66CF22F7 /* GuessWordView.swift in Sources */,
				EE685211A5C75DBB3B17ADFE /* HapticManager.swift in Sources */,
				5B35626FDD7263A94F82072C /* HistoryView.swift in Sources */,
				930B261EDA1014D495490311 /* InsufficientWordsView.swift in Sources */,
				8BD9683CC097F78400A883A2 /* KeychainHelper.swift in Sources */,
				B0F7E3D033A30F34FDF234AE /* LanguageManager.swift in Sources */,
				C76EBA2112E804C4EDD78D04 /* LeaderboardView.swift in Sources */,
				999398853EDED46DF2113702 /* LevelTestView.swift in Sources */,
				514DF89DA836245BF4E3F79C /* LevelTestViewModel.swift in Sources */,
				9C07D77964AD69422176D390 /* LikedView.swift in Sources */,
				77C3E860E20CA6C0C9C099AF /* Logger+Verbum.swift in Sources */,
				6262D1F17263EA0113DB6D33 /* NotificationManager.swift in Sources */,
				C1ABEA8BB748FBA001BFB65B /* NotificationSettingsView.swift in Sources */,
				063129C2C1514E30206994BB /* NotificationsSetupView.swift in Sources */,
				8A6B0B71ACEEF8FD5D937D3E /* OnboardingFlow.swift in Sources */,
				C0D846C0FB617A42B06CB2DD /* PillButton.swift in Sources */,
				BA17D3B8C8F4328C549244F6 /* PracticeMenuView.swift in Sources */,
				DFAF38158805A595D167D0D7 /* PremiumSheet.swift in Sources */,
				2C4AAF9E271CC6901F98EC57 /* ProfileSetupViews.swift in Sources */,
				A8F6F4E86EDFD68962B9D751 /* ProfileView.swift in Sources */,
				043DF0EEE7D9F8A442869F87 /* ProgressBar.swift in Sources */,
				DD9EE0D1A601D7F6A5EBC12A /* QuizView.swift in Sources */,
				DBF873E677CDEFF6370C676E /* QuizViewModel.swift in Sources */,
				372D640A51EA5E6723077E69 /* RadioOptionRow.swift in Sources */,
				9BAB5DC37B7C07F4940E9DDB /* SearchView.swift in Sources */,
				17BB0029E62D11E528FEA803 /* SettingsView.swift in Sources */,
				F9BFA19E4D92D4D6E2DE0353 /* ShareableWordCard.swift in Sources */,
				B2B60BF1A7D0856710563679 /* SharedTimelinePublisher.swift in Sources */,
				DF570E4382C8A29F9CE425C4 /* SharedWordStore.swift in Sources */,
				A2D6502521FF557E366F1EEE /* SoundManager.swift in Sources */,
				D35923D0663FCF28916789B7 /* Spacing.swift in Sources */,
				CA3F72820D079F4A273DF81C /* SpeechService.swift in Sources */,
				2BCF84DC074AD623803F020B /* SpotlightIndexer.swift in Sources */,
				335DB077660578203921C7B0 /* StatsView.swift in Sources */,
				6E092B37913B03EA75FFA430 /* SubscriptionManager.swift in Sources */,
				952A8DD995A6688243461622 /* SynonymsView.swift in Sources */,
				E500B0A59C7D229DB2AADF9C /* TranslationStore.swift in Sources */,
				415BBCB7DFABF2CC1FAC62B3 /* Typography.swift in Sources */,
				C2D154D2972BE298747DAEB7 /* UserProfile.swift in Sources */,
				2D340578381485FD8894507E /* VerbumApp.swift in Sources */,
				83E469F0405852685C17601A /* WelcomeView.swift in Sources */,
				369E231F75B7C8CA0D4DF87F /* Word.swift in Sources */,
				5B867A4ED94322BBB09B35C8 /* WordAccess.swift in Sources */,
				217902B9D01EBDC2ED0FAC11 /* WordDatabase.swift in Sources */,
				E634F2266613A3AD00BC31D0 /* WordDetailView.swift in Sources */,
				41032E0D877D4385FFB1E1EE /* WordDetailViewModel.swift in Sources */,
				879172BE91D0F16A4AA5B44B /* WordFeedView.swift in Sources */,
				F6CCA03B30F7FC4520024616 /* WordFeedViewModel.swift in Sources */,
				6C687920C5C06F2C0EB8E01C /* WordListView.swift in Sources */,
				EABF0BC49A27AE92CB054590 /* WordRepository.swift in Sources */,
				CB4E02452D7AF27A653779E5 /* WordShareSheet.swift in Sources */,
				B8B564ACAD6501DAADD414FC /* WordStore.swift in Sources */,
			);
			runOnlyForDeploymentPostprocessing = 0;
		};
		73BF1F720953C8C1EA1964CC /* Sources */ = {
			isa = PBXSourcesBuildPhase;
			buildActionMask = 2147483647;
			files = (
				B33E6587464D1EEEF0AE1E32 /* CloudKitMergeTests.swift in Sources */,
				B0CC5FC274154F9F7F31DAC5 /* FSRSTests.swift in Sources */,
				07F0EFC7F5A9CDF2CD0E5DC7 /* WordAccessTests.swift in Sources */,
			);
			runOnlyForDeploymentPostprocessing = 0;
		};
/* End PBXSourcesBuildPhase section */

/* Begin PBXTargetDependency section */
		5173E7E08D372379BAECBEF1 /* PBXTargetDependency */ = {
			isa = PBXTargetDependency;
			target = BB43FC632639A9698064B413 /* Verbum */;
			targetProxy = EC984B028032396C98609082 /* PBXContainerItemProxy */;
		};
		B7634E8BC6D515618971146E /* PBXTargetDependency */ = {
			isa = PBXTargetDependency;
			target = D2002E6BF18631A010AE57A0 /* VerbumWidgetExtension */;
			targetProxy = 8CE3C8B0A5C334908F72476F /* PBXContainerItemProxy */;
		};
/* End PBXTargetDependency section */

/* Begin PBXVariantGroup section */
		897722CFD692ACFC89C03E08 /* Localizable.strings */ = {
			isa = PBXVariantGroup;
			children = (
				6158CF6C10EA678F83FA3870 /* de */,
				BDB995E5C7ACF204C7AF058B /* en */,
				3C46B7674D3561FCD9ADE63D /* uk */,
			);
			name = Localizable.strings;
			sourceTree = "<group>";
		};
/* End PBXVariantGroup section */

/* Begin XCBuildConfiguration section */
		03543AC628DCB6C2730C084C /* Debug */ = {
			isa = XCBuildConfiguration;
			buildSettings = {
				ASSETCATALOG_COMPILER_APPICON_NAME = AppIcon;
				CODE_SIGN_ENTITLEMENTS = Verbum/Verbum.entitlements;
				CODE_SIGN_IDENTITY = "iPhone Developer";
				CODE_SIGN_STYLE = Automatic;
				CURRENT_PROJECT_VERSION = 1;
				DEVELOPMENT_TEAM = "";
				INFOPLIST_FILE = Verbum/Resources/Info.plist;
				IPHONEOS_DEPLOYMENT_TARGET = 16.0;
				LD_RUNPATH_SEARCH_PATHS = (
					"$(inherited)",
					"@executable_path/Frameworks",
				);
				MARKETING_VERSION = 1.0;
				PRODUCT_BUNDLE_IDENTIFIER = com.verbum.app;
				SDKROOT = iphoneos;
				SWIFT_STRICT_CONCURRENCY = complete;
				SWIFT_VERSION = 6.0;
				TARGETED_DEVICE_FAMILY = "1,2";
			};
			name = Debug;
		};
		1DC8C99597B44DE0546DA6D1 /* Release */ = {
			isa = XCBuildConfiguration;
			buildSettings = {
				CODE_SIGN_ENTITLEMENTS = VerbumWidget/VerbumWidget.entitlements;
				CODE_SIGN_STYLE = Automatic;
				CURRENT_PROJECT_VERSION = 1;
				DEVELOPMENT_TEAM = "";
				INFOPLIST_FILE = VerbumWidget/Info.plist;
				IPHONEOS_DEPLOYMENT_TARGET = 16.0;
				LD_RUNPATH_SEARCH_PATHS = (
					"$(inherited)",
					"@executable_path/Frameworks",
					"@executable_path/../../Frameworks",
				);
				MARKETING_VERSION = 1.0;
				PRODUCT_BUNDLE_IDENTIFIER = com.verbum.app.widget;
				SDKROOT = iphoneos;
				SKIP_INSTALL = YES;
				SWIFT_STRICT_CONCURRENCY = complete;
				SWIFT_VERSION = 6.0;
				TARGETED_DEVICE_FAMILY = "1,2";
			};
			name = Release;
		};
		3E8D11B13A6753CCFCCE3E1D /* Debug */ = {
			isa = XCBuildConfiguration;
			buildSettings = {
				BUNDLE_LOADER = "$(TEST_HOST)";
				CODE_SIGN_STYLE = Automatic;
				DEVELOPMENT_TEAM = "";
				GENERATE_INFOPLIST_FILE = YES;
				IPHONEOS_DEPLOYMENT_TARGET = 16.0;
				LD_RUNPATH_SEARCH_PATHS = (
					"$(inherited)",
					"@executable_path/Frameworks",
					"@loader_path/Frameworks",
				);
				PRODUCT_BUNDLE_IDENTIFIER = com.verbum.app.tests;
				SDKROOT = iphoneos;
				SWIFT_STRICT_CONCURRENCY = complete;
				SWIFT_VERSION = 6.0;
				TARGETED_DEVICE_FAMILY = "1,2";
				TEST_HOST = "$(BUILT_PRODUCTS_DIR)/Verbum.app/Verbum";
			};
			name = Debug;
		};
		68563C32E9264977C1726B65 /* Release */ = {
			isa = XCBuildConfiguration;
			buildSettings = {
				ASSETCATALOG_COMPILER_APPICON_NAME = AppIcon;
				CODE_SIGN_ENTITLEMENTS = Verbum/Verbum.entitlements;
				CODE_SIGN_IDENTITY = "iPhone Developer";
				CODE_SIGN_STYLE = Automatic;
				CURRENT_PROJECT_VERSION = 1;
				DEVELOPMENT_TEAM = "";
				INFOPLIST_FILE = Verbum/Resources/Info.plist;
				IPHONEOS_DEPLOYMENT_TARGET = 16.0;
				LD_RUNPATH_SEARCH_PATHS = (
					"$(inherited)",
					"@executable_path/Frameworks",
				);
				MARKETING_VERSION = 1.0;
				PRODUCT_BUNDLE_IDENTIFIER = com.verbum.app;
				SDKROOT = iphoneos;
				SWIFT_STRICT_CONCURRENCY = complete;
				SWIFT_VERSION = 6.0;
				TARGETED_DEVICE_FAMILY = "1,2";
			};
			name = Release;
		};
		7603621B6048F5CC8CC0FF8A /* Release */ = {
			isa = XCBuildConfiguration;
			buildSettings = {
				BUNDLE_LOADER = "$(TEST_HOST)";
				CODE_SIGN_STYLE = Automatic;
				DEVELOPMENT_TEAM = "";
				GENERATE_INFOPLIST_FILE = YES;
				IPHONEOS_DEPLOYMENT_TARGET = 16.0;
				LD_RUNPATH_SEARCH_PATHS = (
					"$(inherited)",
					"@executable_path/Frameworks",
					"@loader_path/Frameworks",
				);
				PRODUCT_BUNDLE_IDENTIFIER = com.verbum.app.tests;
				SDKROOT = iphoneos;
				SWIFT_STRICT_CONCURRENCY = complete;
				SWIFT_VERSION = 6.0;
				TARGETED_DEVICE_FAMILY = "1,2";
				TEST_HOST = "$(BUILT_PRODUCTS_DIR)/Verbum.app/Verbum";
			};
			name = Release;
		};
		7B402DC523FBF0DC14840BEB /* Release */ = {
			isa = XCBuildConfiguration;
			buildSettings = {
				ALWAYS_SEARCH_USER_PATHS = NO;
				CLANG_ANALYZER_NONNULL = YES;
				CLANG_ANALYZER_NUMBER_OBJECT_CONVERSION = YES_AGGRESSIVE;
				CLANG_CXX_LANGUAGE_STANDARD = "gnu++14";
				CLANG_CXX_LIBRARY = "libc++";
				CLANG_ENABLE_MODULES = YES;
				CLANG_ENABLE_OBJC_ARC = YES;
				CLANG_ENABLE_OBJC_WEAK = YES;
				CLANG_WARN_BLOCK_CAPTURE_AUTORELEASING = YES;
				CLANG_WARN_BOOL_CONVERSION = YES;
				CLANG_WARN_COMMA = YES;
				CLANG_WARN_CONSTANT_CONVERSION = YES;
				CLANG_WARN_DEPRECATED_OBJC_IMPLEMENTATIONS = YES;
				CLANG_WARN_DIRECT_OBJC_ISA_USAGE = YES_ERROR;
				CLANG_WARN_DOCUMENTATION_COMMENTS = YES;
				CLANG_WARN_EMPTY_BODY = YES;
				CLANG_WARN_ENUM_CONVERSION = YES;
				CLANG_WARN_INFINITE_RECURSION = YES;
				CLANG_WARN_INT_CONVERSION = YES;
				CLANG_WARN_NON_LITERAL_NULL_CONVERSION = YES;
				CLANG_WARN_OBJC_IMPLICIT_RETAIN_SELF = YES;
				CLANG_WARN_OBJC_LITERAL_CONVERSION = YES;
				CLANG_WARN_OBJC_ROOT_CLASS = YES_ERROR;
				CLANG_WARN_QUOTED_INCLUDE_IN_FRAMEWORK_HEADER = YES;
				CLANG_WARN_RANGE_LOOP_ANALYSIS = YES;
				CLANG_WARN_STRICT_PROTOTYPES = YES;
				CLANG_WARN_SUSPICIOUS_MOVE = YES;
				CLANG_WARN_UNGUARDED_AVAILABILITY = YES_AGGRESSIVE;
				CLANG_WARN_UNREACHABLE_CODE = YES;
				CLANG_WARN__DUPLICATE_METHOD_MATCH = YES;
				COPY_PHASE_STRIP = NO;
				DEBUG_INFORMATION_FORMAT = "dwarf-with-dsym";
				ENABLE_NS_ASSERTIONS = NO;
				ENABLE_STRICT_OBJC_MSGSEND = YES;
				GCC_C_LANGUAGE_STANDARD = gnu11;
				GCC_NO_COMMON_BLOCKS = YES;
				GCC_WARN_64_TO_32_BIT_CONVERSION = YES;
				GCC_WARN_ABOUT_RETURN_TYPE = YES_ERROR;
				GCC_WARN_UNDECLARED_SELECTOR = YES;
				GCC_WARN_UNINITIALIZED_AUTOS = YES_AGGRESSIVE;
				GCC_WARN_UNUSED_FUNCTION = YES;
				GCC_WARN_UNUSED_VARIABLE = YES;
				IPHONEOS_DEPLOYMENT_TARGET = 16.0;
				MTL_ENABLE_DEBUG_INFO = NO;
				MTL_FAST_MATH = YES;
				PRODUCT_NAME = "$(TARGET_NAME)";
				SDKROOT = iphoneos;
				SWIFT_COMPILATION_MODE = wholemodule;
				SWIFT_OPTIMIZATION_LEVEL = "-O";
				SWIFT_VERSION = 5.0;
			};
			name = Release;
		};
		90EBD3E411FE500B076CEEC1 /* Debug */ = {
			isa = XCBuildConfiguration;
			buildSettings = {
				CODE_SIGN_ENTITLEMENTS = VerbumWidget/VerbumWidget.entitlements;
				CODE_SIGN_STYLE = Automatic;
				CURRENT_PROJECT_VERSION = 1;
				DEVELOPMENT_TEAM = "";
				INFOPLIST_FILE = VerbumWidget/Info.plist;
				IPHONEOS_DEPLOYMENT_TARGET = 16.0;
				LD_RUNPATH_SEARCH_PATHS = (
					"$(inherited)",
					"@executable_path/Frameworks",
					"@executable_path/../../Frameworks",
				);
				MARKETING_VERSION = 1.0;
				PRODUCT_BUNDLE_IDENTIFIER = com.verbum.app.widget;
				SDKROOT = iphoneos;
				SKIP_INSTALL = YES;
				SWIFT_STRICT_CONCURRENCY = complete;
				SWIFT_VERSION = 6.0;
				TARGETED_DEVICE_FAMILY = "1,2";
			};
			name = Debug;
		};
		9E5CCBC05A7046653421F689 /* Debug */ = {
			isa = XCBuildConfiguration;
			buildSettings = {
				ALWAYS_SEARCH_USER_PATHS = NO;
				CLANG_ANALYZER_NONNULL = YES;
				CLANG_ANALYZER_NUMBER_OBJECT_CONVERSION = YES_AGGRESSIVE;
				CLANG_CXX_LANGUAGE_STANDARD = "gnu++14";
				CLANG_CXX_LIBRARY = "libc++";
				CLANG_ENABLE_MODULES = YES;
				CLANG_ENABLE_OBJC_ARC = YES;
				CLANG_ENABLE_OBJC_WEAK = YES;
				CLANG_WARN_BLOCK_CAPTURE_AUTORELEASING = YES;
				CLANG_WARN_BOOL_CONVERSION = YES;
				CLANG_WARN_COMMA = YES;
				CLANG_WARN_CONSTANT_CONVERSION = YES;
				CLANG_WARN_DEPRECATED_OBJC_IMPLEMENTATIONS = YES;
				CLANG_WARN_DIRECT_OBJC_ISA_USAGE = YES_ERROR;
				CLANG_WARN_DOCUMENTATION_COMMENTS = YES;
				CLANG_WARN_EMPTY_BODY = YES;
				CLANG_WARN_ENUM_CONVERSION = YES;
				CLANG_WARN_INFINITE_RECURSION = YES;
				CLANG_WARN_INT_CONVERSION = YES;
				CLANG_WARN_NON_LITERAL_NULL_CONVERSION = YES;
				CLANG_WARN_OBJC_IMPLICIT_RETAIN_SELF = YES;
				CLANG_WARN_OBJC_LITERAL_CONVERSION = YES;
				CLANG_WARN_OBJC_ROOT_CLASS = YES_ERROR;
				CLANG_WARN_QUOTED_INCLUDE_IN_FRAMEWORK_HEADER = YES;
				CLANG_WARN_RANGE_LOOP_ANALYSIS = YES;
				CLANG_WARN_STRICT_PROTOTYPES = YES;
				CLANG_WARN_SUSPICIOUS_MOVE = YES;
				CLANG_WARN_UNGUARDED_AVAILABILITY = YES_AGGRESSIVE;
				CLANG_WARN_UNREACHABLE_CODE = YES;
				CLANG_WARN__DUPLICATE_METHOD_MATCH = YES;
				COPY_PHASE_STRIP = NO;
				DEBUG_INFORMATION_FORMAT = dwarf;
				ENABLE_STRICT_OBJC_MSGSEND = YES;
				ENABLE_TESTABILITY = YES;
				GCC_C_LANGUAGE_STANDARD = gnu11;
				GCC_DYNAMIC_NO_PIC = NO;
				GCC_NO_COMMON_BLOCKS = YES;
				GCC_OPTIMIZATION_LEVEL = 0;
				GCC_PREPROCESSOR_DEFINITIONS = (
					"$(inherited)",
					"DEBUG=1",
				);
				GCC_WARN_64_TO_32_BIT_CONVERSION = YES;
				GCC_WARN_ABOUT_RETURN_TYPE = YES_ERROR;
				GCC_WARN_UNDECLARED_SELECTOR = YES;
				GCC_WARN_UNINITIALIZED_AUTOS = YES_AGGRESSIVE;
				GCC_WARN_UNUSED_FUNCTION = YES;
				GCC_WARN_UNUSED_VARIABLE = YES;
				IPHONEOS_DEPLOYMENT_TARGET = 16.0;
				MTL_ENABLE_DEBUG_INFO = INCLUDE_SOURCE;
				MTL_FAST_MATH = YES;
				ONLY_ACTIVE_ARCH = YES;
				PRODUCT_NAME = "$(TARGET_NAME)";
				SDKROOT = iphoneos;
				SWIFT_ACTIVE_COMPILATION_CONDITIONS = DEBUG;
				SWIFT_OPTIMIZATION_LEVEL = "-Onone";
				SWIFT_VERSION = 5.0;
			};
			name = Debug;
		};
/* End XCBuildConfiguration section */

/* Begin XCConfigurationList section */
		55A2B6BECCF4054C98B289F0 /* Build configuration list for PBXProject "Verbum" */ = {
			isa = XCConfigurationList;
			buildConfigurations = (
				9E5CCBC05A7046653421F689 /* Debug */,
				7B402DC523FBF0DC14840BEB /* Release */,
			);
			defaultConfigurationIsVisible = 0;
			defaultConfigurationName = Debug;
		};
		5F87C32927270E84F6CEA96F /* Build configuration list for PBXNativeTarget "VerbumWidgetExtension" */ = {
			isa = XCConfigurationList;
			buildConfigurations = (
				90EBD3E411FE500B076CEEC1 /* Debug */,
				1DC8C99597B44DE0546DA6D1 /* Release */,
			);
			defaultConfigurationIsVisible = 0;
			defaultConfigurationName = Debug;
		};
		CB7951C870A0D123D12603A8 /* Build configuration list for PBXNativeTarget "Verbum" */ = {
			isa = XCConfigurationList;
			buildConfigurations = (
				03543AC628DCB6C2730C084C /* Debug */,
				68563C32E9264977C1726B65 /* Release */,
			);
			defaultConfigurationIsVisible = 0;
			defaultConfigurationName = Debug;
		};
		D1DF50D18BBCB81E55943B93 /* Build configuration list for PBXNativeTarget "VerbumTests" */ = {
			isa = XCConfigurationList;
			buildConfigurations = (
				3E8D11B13A6753CCFCCE3E1D /* Debug */,
				7603621B6048F5CC8CC0FF8A /* Release */,
			);
			defaultConfigurationIsVisible = 0;
			defaultConfigurationName = Debug;
		};
/* End XCConfigurationList section */

/* Begin XCRemoteSwiftPackageReference section */
		D8392FCB33D222532FA184DD /* XCRemoteSwiftPackageReference "GRDB.swift" */ = {
			isa = XCRemoteSwiftPackageReference;
			repositoryURL = "https://github.com/groue/GRDB.swift";
			requirement = {
				kind = upToNextMajorVersion;
				minimumVersion = 6.29.0;
			};
		};
/* End XCRemoteSwiftPackageReference section */

/* Begin XCSwiftPackageProductDependency section */
		08855E15BC1D1540CB22C18F /* GRDB */ = {
			isa = XCSwiftPackageProductDependency;
			package = D8392FCB33D222532FA184DD /* XCRemoteSwiftPackageReference "GRDB.swift" */;
			productName = GRDB;
		};
/* End XCSwiftPackageProductDependency section */
	};
	rootObject = 40DBA824FA9D1DF3B3B10DA7 /* Project object */;
}
